// !$*UTF8*$!
{
	archiveVersion = 1;
	classes = {
	};
	objectVersion = 55;
	objects = {

/* Begin PBXBuildFile section */
		0F13DB5D971F3580EE80EE4F /* Pods_Nocturnal.framework in Frameworks */ = {isa = PBXBuildFile; fileRef = A0CA1A58678060B509C34477 /* Pods_Nocturnal.framework */; };
		ED0422E028644F8E005C20EE /* EditProfileCell.swift in Sources */ = {isa = PBXBuildFile; fileRef = ED0422DF28644F8E005C20EE /* EditProfileCell.swift */; };
		ED0422E2286450E1005C20EE /* EditProfileHeader.swift in Sources */ = {isa = PBXBuildFile; fileRef = ED0422E1286450E1005C20EE /* EditProfileHeader.swift */; };
		ED0A483A285873DB004661BB /* AppDelegate.swift in Sources */ = {isa = PBXBuildFile; fileRef = ED0A4839285873DB004661BB /* AppDelegate.swift */; };
		ED0A483C285873DB004661BB /* SceneDelegate.swift in Sources */ = {isa = PBXBuildFile; fileRef = ED0A483B285873DB004661BB /* SceneDelegate.swift */; };
		ED0A483E285873DB004661BB /* ViewController.swift in Sources */ = {isa = PBXBuildFile; fileRef = ED0A483D285873DB004661BB /* ViewController.swift */; };
		ED0A4841285873DB004661BB /* Main.storyboard in Resources */ = {isa = PBXBuildFile; fileRef = ED0A483F285873DB004661BB /* Main.storyboard */; };
		ED0A4843285873DC004661BB /* Assets.xcassets in Resources */ = {isa = PBXBuildFile; fileRef = ED0A4842285873DC004661BB /* Assets.xcassets */; };
		ED0A4846285873DC004661BB /* LaunchScreen.storyboard in Resources */ = {isa = PBXBuildFile; fileRef = ED0A4844285873DC004661BB /* LaunchScreen.storyboard */; };
		ED0A485328587884004661BB /* MainTabBarController.swift in Sources */ = {isa = PBXBuildFile; fileRef = ED0A485228587884004661BB /* MainTabBarController.swift */; };
		ED0A485528587A27004661BB /* HomeController.swift in Sources */ = {isa = PBXBuildFile; fileRef = ED0A485428587A27004661BB /* HomeController.swift */; };
		ED0A485728587A7C004661BB /* ExploreController.swift in Sources */ = {isa = PBXBuildFile; fileRef = ED0A485628587A7C004661BB /* ExploreController.swift */; };
		ED0A485928587BDE004661BB /* StatsController.swift in Sources */ = {isa = PBXBuildFile; fileRef = ED0A485828587BDE004661BB /* StatsController.swift */; };
		ED0A485B28587C0C004661BB /* NotificationController.swift in Sources */ = {isa = PBXBuildFile; fileRef = ED0A485A28587C0C004661BB /* NotificationController.swift */; };
		ED0A485D28587C28004661BB /* ProfileController.swift in Sources */ = {isa = PBXBuildFile; fileRef = ED0A485C28587C28004661BB /* ProfileController.swift */; };
		ED0B423C28588611000680C2 /* UIColor+Ext.swift in Sources */ = {isa = PBXBuildFile; fileRef = ED0B423B28588611000680C2 /* UIColor+Ext.swift */; };
		ED0B423E2858863D000680C2 /* Date+Ext.swift in Sources */ = {isa = PBXBuildFile; fileRef = ED0B423D2858863D000680C2 /* Date+Ext.swift */; };
		ED0B424028588697000680C2 /* UITableView+Ext.swift in Sources */ = {isa = PBXBuildFile; fileRef = ED0B423F28588697000680C2 /* UITableView+Ext.swift */; };
		ED0B4242285886D7000680C2 /* UIScrollView+Ext.swift in Sources */ = {isa = PBXBuildFile; fileRef = ED0B4241285886D7000680C2 /* UIScrollView+Ext.swift */; };
		ED0B4244285886FC000680C2 /* UIImage+Ext.swift in Sources */ = {isa = PBXBuildFile; fileRef = ED0B4243285886FC000680C2 /* UIImage+Ext.swift */; };
		ED0B424628588750000680C2 /* UIFont+Ext.swift in Sources */ = {isa = PBXBuildFile; fileRef = ED0B424528588750000680C2 /* UIFont+Ext.swift */; };
		ED0B424928588845000680C2 /* UIButton+Ext.swift in Sources */ = {isa = PBXBuildFile; fileRef = ED0B424828588845000680C2 /* UIButton+Ext.swift */; };
		ED0B424B285888D6000680C2 /* UIView+Ext.swift in Sources */ = {isa = PBXBuildFile; fileRef = ED0B424A285888D6000680C2 /* UIView+Ext.swift */; };
		ED0B424D2858895A000680C2 /* UIViewController+Ext.swift in Sources */ = {isa = PBXBuildFile; fileRef = ED0B424C2858895A000680C2 /* UIViewController+Ext.swift */; };
		ED0B424F28588A61000680C2 /* UITextField+Ext.swift in Sources */ = {isa = PBXBuildFile; fileRef = ED0B424E28588A61000680C2 /* UITextField+Ext.swift */; };
		ED0B425228597CCC000680C2 /* AddEventController.swift in Sources */ = {isa = PBXBuildFile; fileRef = ED0B425128597CCC000680C2 /* AddEventController.swift */; };
		ED0B425828598718000680C2 /* UploadEventInfoCell.swift in Sources */ = {isa = PBXBuildFile; fileRef = ED0B425728598718000680C2 /* UploadEventInfoCell.swift */; };
		ED0E5821286069BC00064C02 /* GoogleService-Info.plist in Resources */ = {isa = PBXBuildFile; fileRef = ED0E5820286069BC00064C02 /* GoogleService-Info.plist */; };
		ED0E58232860758F00064C02 /* MessageInputAccessoryView.swift in Sources */ = {isa = PBXBuildFile; fileRef = ED0E58222860758F00064C02 /* MessageInputAccessoryView.swift */; };
		ED0E582528609AEE00064C02 /* MessageCell.swift in Sources */ = {isa = PBXBuildFile; fileRef = ED0E582428609AEE00064C02 /* MessageCell.swift */; };
		ED194CB12859DF0700C9E5D3 /* MusicSample.swift in Sources */ = {isa = PBXBuildFile; fileRef = ED194CB02859DF0700C9E5D3 /* MusicSample.swift */; };
		ED194CB62859E5D100C9E5D3 /* EventService.swift in Sources */ = {isa = PBXBuildFile; fileRef = ED194CB52859E5D100C9E5D3 /* EventService.swift */; };
		ED194CB82859E62F00C9E5D3 /* Event.swift in Sources */ = {isa = PBXBuildFile; fileRef = ED194CB72859E62F00C9E5D3 /* Event.swift */; };
		ED194CBA2859E8F300C9E5D3 /* FirebaseReference.swift in Sources */ = {isa = PBXBuildFile; fileRef = ED194CB92859E8F300C9E5D3 /* FirebaseReference.swift */; };
		ED194CBC2859EB7500C9E5D3 /* StorageUploader.swift in Sources */ = {isa = PBXBuildFile; fileRef = ED194CBB2859EB7500C9E5D3 /* StorageUploader.swift */; };
		ED194CBE285A007C00C9E5D3 /* InputTextView.swift in Sources */ = {isa = PBXBuildFile; fileRef = ED194CBD285A007C00C9E5D3 /* InputTextView.swift */; };
		ED204B22285DB16F0016FDCA /* UILabel+Ext.swift in Sources */ = {isa = PBXBuildFile; fileRef = ED204B21285DB16F0016FDCA /* UILabel+Ext.swift */; };
		ED626A872862B09E003BB636 /* ProfileCell.swift in Sources */ = {isa = PBXBuildFile; fileRef = ED626A862862B09E003BB636 /* ProfileCell.swift */; };
		ED626A8A2862B41C003BB636 /* JoinedEventCell.swift in Sources */ = {isa = PBXBuildFile; fileRef = ED626A892862B41C003BB636 /* JoinedEventCell.swift */; };
		ED626A8C2862B892003BB636 /* EventPhotosCell.swift in Sources */ = {isa = PBXBuildFile; fileRef = ED626A8B2862B892003BB636 /* EventPhotosCell.swift */; };
		ED626A8E2862BA97003BB636 /* ProfileHeader.swift in Sources */ = {isa = PBXBuildFile; fileRef = ED626A8D2862BA97003BB636 /* ProfileHeader.swift */; };
		ED626A902862DA20003BB636 /* EditProfileController.swift in Sources */ = {isa = PBXBuildFile; fileRef = ED626A8F2862DA20003BB636 /* EditProfileController.swift */; };
		ED81C3D4285D7F0F004C12EA /* UserService.swift in Sources */ = {isa = PBXBuildFile; fileRef = ED81C3D3285D7F0F004C12EA /* UserService.swift */; };
		ED81C3D7285D93D3004C12EA /* Firebase+Ext.swift in Sources */ = {isa = PBXBuildFile; fileRef = ED81C3D6285D93D3004C12EA /* Firebase+Ext.swift */; };
		ED81C3D9285D9464004C12EA /* Notification.swift in Sources */ = {isa = PBXBuildFile; fileRef = ED81C3D8285D9464004C12EA /* Notification.swift */; };
		ED81C3DB285D9804004C12EA /* NotificationService.swift in Sources */ = {isa = PBXBuildFile; fileRef = ED81C3DA285D9804004C12EA /* NotificationService.swift */; };
		ED81C3DE285DA50D004C12EA /* NotificationCell.swift in Sources */ = {isa = PBXBuildFile; fileRef = ED81C3DD285DA50D004C12EA /* NotificationCell.swift */; };
		ED83392C285AD57600236814 /* DetailHeader.swift in Sources */ = {isa = PBXBuildFile; fileRef = ED83392B285AD57600236814 /* DetailHeader.swift */; };
		ED83392E285ADC4B00236814 /* DetailDescriptionCell.swift in Sources */ = {isa = PBXBuildFile; fileRef = ED83392D285ADC4B00236814 /* DetailDescriptionCell.swift */; };
		ED833932285B1BA700236814 /* PreviewMapCell.swift in Sources */ = {isa = PBXBuildFile; fileRef = ED833931285B1BA700236814 /* PreviewMapCell.swift */; };
		ED833934285B25C000236814 /* FullMapController.swift in Sources */ = {isa = PBXBuildFile; fileRef = ED833933285B25C000236814 /* FullMapController.swift */; };
		ED847A02285B7FCA00F33C7F /* MKPlacemark+Ext.swift in Sources */ = {isa = PBXBuildFile; fileRef = ED847A01285B7FCA00F33C7F /* MKPlacemark+Ext.swift */; };
		ED847A04285B870500F33C7F /* StretchyTableHeaderView.swift in Sources */ = {isa = PBXBuildFile; fileRef = ED847A03285B870500F33C7F /* StretchyTableHeaderView.swift */; };
		ED847A06285C6EBA00F33C7F /* MediaPlayerView.swift in Sources */ = {isa = PBXBuildFile; fileRef = ED847A05285C6EBA00F33C7F /* MediaPlayerView.swift */; };
		ED847A08285C711200F33C7F /* MediaPlayerController.swift in Sources */ = {isa = PBXBuildFile; fileRef = ED847A07285C711200F33C7F /* MediaPlayerController.swift */; };
		ED847A0A285C764000F33C7F /* MKMapView+Ext.swift in Sources */ = {isa = PBXBuildFile; fileRef = ED847A09285C764000F33C7F /* MKMapView+Ext.swift */; };
		ED847A10285CDE1A00F33C7F /* LoginController.swift in Sources */ = {isa = PBXBuildFile; fileRef = ED847A0F285CDE1A00F33C7F /* LoginController.swift */; };
		ED847A12285CDE7300F33C7F /* AuthTextField.swift in Sources */ = {isa = PBXBuildFile; fileRef = ED847A11285CDE7300F33C7F /* AuthTextField.swift */; };
		ED847A14285CDF9C00F33C7F /* RegistrationController.swift in Sources */ = {isa = PBXBuildFile; fileRef = ED847A13285CDF9C00F33C7F /* RegistrationController.swift */; };
		ED847A16285CDFAA00F33C7F /* ResetPasswordController.swift in Sources */ = {isa = PBXBuildFile; fileRef = ED847A15285CDFAA00F33C7F /* ResetPasswordController.swift */; };
		ED847A18285CDFEA00F33C7F /* AuthService.swift in Sources */ = {isa = PBXBuildFile; fileRef = ED847A17285CDFEA00F33C7F /* AuthService.swift */; };
		ED847A1A285CE0BE00F33C7F /* AuthButton.swift in Sources */ = {isa = PBXBuildFile; fileRef = ED847A19285CE0BE00F33C7F /* AuthButton.swift */; };
		ED847A1C285CE5E700F33C7F /* User.swift in Sources */ = {isa = PBXBuildFile; fileRef = ED847A1B285CE5E700F33C7F /* User.swift */; };
		ED8B1EF32860CC4B008A0ECB /* MessageService.swift in Sources */ = {isa = PBXBuildFile; fileRef = ED8B1EF22860CC4B008A0ECB /* MessageService.swift */; };
		ED8B1EF52860E2D8008A0ECB /* Conversation.swift in Sources */ = {isa = PBXBuildFile; fileRef = ED8B1EF42860E2D8008A0ECB /* Conversation.swift */; };
		EDC336172859DC4100A6A95A /* betterdays.mp3 in Resources */ = {isa = PBXBuildFile; fileRef = EDC336112859DC3F00A6A95A /* betterdays.mp3 */; };
		EDC336182859DC4100A6A95A /* creativeminds.mp3 in Resources */ = {isa = PBXBuildFile; fileRef = EDC336122859DC4000A6A95A /* creativeminds.mp3 */; };
		EDC336192859DC4100A6A95A /* dreams.mp3 in Resources */ = {isa = PBXBuildFile; fileRef = EDC336132859DC4000A6A95A /* dreams.mp3 */; };
		EDC3361A2859DC4100A6A95A /* relaxing.mp3 in Resources */ = {isa = PBXBuildFile; fileRef = EDC336142859DC4000A6A95A /* relaxing.mp3 */; };
		EDC3361B2859DC4100A6A95A /* allthat.mp3 in Resources */ = {isa = PBXBuildFile; fileRef = EDC336152859DC4100A6A95A /* allthat.mp3 */; };
		EDC3361C2859DC4100A6A95A /* slowmotion.mp3 in Resources */ = {isa = PBXBuildFile; fileRef = EDC336162859DC4100A6A95A /* slowmotion.mp3 */; };
		EDC663EB28614FB8007FEF82 /* ConservasationsController.swift in Sources */ = {isa = PBXBuildFile; fileRef = EDC663EA28614FB8007FEF82 /* ConservasationsController.swift */; };
		EDC663ED28615D8D007FEF82 /* ConversationCell.swift in Sources */ = {isa = PBXBuildFile; fileRef = EDC663EC28615D8D007FEF82 /* ConversationCell.swift */; };
		EDC663F028617465007FEF82 /* ExploreCell.swift in Sources */ = {isa = PBXBuildFile; fileRef = EDC663EF28617465007FEF82 /* ExploreCell.swift */; };
		EDC663F228619407007FEF82 /* NTSegmentControl.swift in Sources */ = {isa = PBXBuildFile; fileRef = EDC663F128619407007FEF82 /* NTSegmentControl.swift */; };
		EDC663F428619F22007FEF82 /* SearchResultController.swift in Sources */ = {isa = PBXBuildFile; fileRef = EDC663F328619F22007FEF82 /* SearchResultController.swift */; };
		EDD1031F2860142C00AECAD9 /* Message.swift in Sources */ = {isa = PBXBuildFile; fileRef = EDD1031E2860142C00AECAD9 /* Message.swift */; };
		EDD1032528601EBA00AECAD9 /* ChatController.swift in Sources */ = {isa = PBXBuildFile; fileRef = EDD1032428601EBA00AECAD9 /* ChatController.swift */; };
		EDD1032728602B4A00AECAD9 /* ChatRoom.swift in Sources */ = {isa = PBXBuildFile; fileRef = EDD1032628602B4A00AECAD9 /* ChatRoom.swift */; };
		EDD1032B28603E3100AECAD9 /* ChatCell.swift in Sources */ = {isa = PBXBuildFile; fileRef = EDD1032A28603E3100AECAD9 /* ChatCell.swift */; };
		EDD1032D28603F8800AECAD9 /* DateHeaderLabel.swift in Sources */ = {isa = PBXBuildFile; fileRef = EDD1032C28603F8800AECAD9 /* DateHeaderLabel.swift */; };
		EDF3E2A8285AC563000E2218 /* EventDetailController.swift in Sources */ = {isa = PBXBuildFile; fileRef = EDF3E2A7285AC563000E2218 /* EventDetailController.swift */; };
		EDF3E2AB285ACA91000E2218 /* DetailInfoCell.swift in Sources */ = {isa = PBXBuildFile; fileRef = EDF3E2AA285ACA91000E2218 /* DetailInfoCell.swift */; };
		EDF3E2AD285ACAE5000E2218 /* UICollectionView+Ext.swift in Sources */ = {isa = PBXBuildFile; fileRef = EDF3E2AC285ACAE5000E2218 /* UICollectionView+Ext.swift */; };
/* End PBXBuildFile section */

/* Begin PBXFileReference section */
		190BE80E14DE62D509FD1218 /* Pods-Nocturnal.release.xcconfig */ = {isa = PBXFileReference; includeInIndex = 1; lastKnownFileType = text.xcconfig; name = "Pods-Nocturnal.release.xcconfig"; path = "Target Support Files/Pods-Nocturnal/Pods-Nocturnal.release.xcconfig"; sourceTree = "<group>"; };
		9C3783DCAEAE263DE0579338 /* Pods-Nocturnal.debug.xcconfig */ = {isa = PBXFileReference; includeInIndex = 1; lastKnownFileType = text.xcconfig; name = "Pods-Nocturnal.debug.xcconfig"; path = "Target Support Files/Pods-Nocturnal/Pods-Nocturnal.debug.xcconfig"; sourceTree = "<group>"; };
		A0CA1A58678060B509C34477 /* Pods_Nocturnal.framework */ = {isa = PBXFileReference; explicitFileType = wrapper.framework; includeInIndex = 0; path = Pods_Nocturnal.framework; sourceTree = BUILT_PRODUCTS_DIR; };
		ED0422DF28644F8E005C20EE /* EditProfileCell.swift */ = {isa = PBXFileReference; lastKnownFileType = sourcecode.swift; path = EditProfileCell.swift; sourceTree = "<group>"; };
		ED0422E1286450E1005C20EE /* EditProfileHeader.swift */ = {isa = PBXFileReference; lastKnownFileType = sourcecode.swift; path = EditProfileHeader.swift; sourceTree = "<group>"; };
		ED0A4836285873DB004661BB /* Nocturnal.app */ = {isa = PBXFileReference; explicitFileType = wrapper.application; includeInIndex = 0; path = Nocturnal.app; sourceTree = BUILT_PRODUCTS_DIR; };
		ED0A4839285873DB004661BB /* AppDelegate.swift */ = {isa = PBXFileReference; lastKnownFileType = sourcecode.swift; path = AppDelegate.swift; sourceTree = "<group>"; };
		ED0A483B285873DB004661BB /* SceneDelegate.swift */ = {isa = PBXFileReference; lastKnownFileType = sourcecode.swift; path = SceneDelegate.swift; sourceTree = "<group>"; };
		ED0A483D285873DB004661BB /* ViewController.swift */ = {isa = PBXFileReference; lastKnownFileType = sourcecode.swift; path = ViewController.swift; sourceTree = "<group>"; };
		ED0A4840285873DB004661BB /* Base */ = {isa = PBXFileReference; lastKnownFileType = file.storyboard; name = Base; path = Base.lproj/Main.storyboard; sourceTree = "<group>"; };
		ED0A4842285873DC004661BB /* Assets.xcassets */ = {isa = PBXFileReference; lastKnownFileType = folder.assetcatalog; path = Assets.xcassets; sourceTree = "<group>"; };
		ED0A4845285873DC004661BB /* Base */ = {isa = PBXFileReference; lastKnownFileType = file.storyboard; name = Base; path = Base.lproj/LaunchScreen.storyboard; sourceTree = "<group>"; };
		ED0A4847285873DC004661BB /* Info.plist */ = {isa = PBXFileReference; lastKnownFileType = text.plist.xml; path = Info.plist; sourceTree = "<group>"; };
		ED0A485228587884004661BB /* MainTabBarController.swift */ = {isa = PBXFileReference; lastKnownFileType = sourcecode.swift; path = MainTabBarController.swift; sourceTree = "<group>"; };
		ED0A485428587A27004661BB /* HomeController.swift */ = {isa = PBXFileReference; lastKnownFileType = sourcecode.swift; path = HomeController.swift; sourceTree = "<group>"; };
		ED0A485628587A7C004661BB /* ExploreController.swift */ = {isa = PBXFileReference; lastKnownFileType = sourcecode.swift; path = ExploreController.swift; sourceTree = "<group>"; };
		ED0A485828587BDE004661BB /* StatsController.swift */ = {isa = PBXFileReference; lastKnownFileType = sourcecode.swift; path = StatsController.swift; sourceTree = "<group>"; };
		ED0A485A28587C0C004661BB /* NotificationController.swift */ = {isa = PBXFileReference; lastKnownFileType = sourcecode.swift; path = NotificationController.swift; sourceTree = "<group>"; };
		ED0A485C28587C28004661BB /* ProfileController.swift */ = {isa = PBXFileReference; lastKnownFileType = sourcecode.swift; path = ProfileController.swift; sourceTree = "<group>"; };
		ED0B423B28588611000680C2 /* UIColor+Ext.swift */ = {isa = PBXFileReference; lastKnownFileType = sourcecode.swift; path = "UIColor+Ext.swift"; sourceTree = "<group>"; };
		ED0B423D2858863D000680C2 /* Date+Ext.swift */ = {isa = PBXFileReference; lastKnownFileType = sourcecode.swift; path = "Date+Ext.swift"; sourceTree = "<group>"; };
		ED0B423F28588697000680C2 /* UITableView+Ext.swift */ = {isa = PBXFileReference; lastKnownFileType = sourcecode.swift; path = "UITableView+Ext.swift"; sourceTree = "<group>"; };
		ED0B4241285886D7000680C2 /* UIScrollView+Ext.swift */ = {isa = PBXFileReference; lastKnownFileType = sourcecode.swift; path = "UIScrollView+Ext.swift"; sourceTree = "<group>"; };
		ED0B4243285886FC000680C2 /* UIImage+Ext.swift */ = {isa = PBXFileReference; lastKnownFileType = sourcecode.swift; path = "UIImage+Ext.swift"; sourceTree = "<group>"; };
		ED0B424528588750000680C2 /* UIFont+Ext.swift */ = {isa = PBXFileReference; lastKnownFileType = sourcecode.swift; path = "UIFont+Ext.swift"; sourceTree = "<group>"; };
		ED0B424828588845000680C2 /* UIButton+Ext.swift */ = {isa = PBXFileReference; lastKnownFileType = sourcecode.swift; path = "UIButton+Ext.swift"; sourceTree = "<group>"; };
		ED0B424A285888D6000680C2 /* UIView+Ext.swift */ = {isa = PBXFileReference; lastKnownFileType = sourcecode.swift; path = "UIView+Ext.swift"; sourceTree = "<group>"; };
		ED0B424C2858895A000680C2 /* UIViewController+Ext.swift */ = {isa = PBXFileReference; lastKnownFileType = sourcecode.swift; path = "UIViewController+Ext.swift"; sourceTree = "<group>"; };
		ED0B424E28588A61000680C2 /* UITextField+Ext.swift */ = {isa = PBXFileReference; lastKnownFileType = sourcecode.swift; path = "UITextField+Ext.swift"; sourceTree = "<group>"; };
		ED0B425128597CCC000680C2 /* AddEventController.swift */ = {isa = PBXFileReference; lastKnownFileType = sourcecode.swift; path = AddEventController.swift; sourceTree = "<group>"; };
		ED0B425728598718000680C2 /* UploadEventInfoCell.swift */ = {isa = PBXFileReference; lastKnownFileType = sourcecode.swift; path = UploadEventInfoCell.swift; sourceTree = "<group>"; };
		ED0E5820286069BC00064C02 /* GoogleService-Info.plist */ = {isa = PBXFileReference; fileEncoding = 4; lastKnownFileType = text.plist.xml; path = "GoogleService-Info.plist"; sourceTree = "<group>"; };
		ED0E58222860758F00064C02 /* MessageInputAccessoryView.swift */ = {isa = PBXFileReference; lastKnownFileType = sourcecode.swift; path = MessageInputAccessoryView.swift; sourceTree = "<group>"; };
		ED0E582428609AEE00064C02 /* MessageCell.swift */ = {isa = PBXFileReference; lastKnownFileType = sourcecode.swift; path = MessageCell.swift; sourceTree = "<group>"; };
		ED194CB02859DF0700C9E5D3 /* MusicSample.swift */ = {isa = PBXFileReference; lastKnownFileType = sourcecode.swift; path = MusicSample.swift; sourceTree = "<group>"; };
		ED194CB52859E5D100C9E5D3 /* EventService.swift */ = {isa = PBXFileReference; lastKnownFileType = sourcecode.swift; path = EventService.swift; sourceTree = "<group>"; };
		ED194CB72859E62F00C9E5D3 /* Event.swift */ = {isa = PBXFileReference; lastKnownFileType = sourcecode.swift; path = Event.swift; sourceTree = "<group>"; };
		ED194CB92859E8F300C9E5D3 /* FirebaseReference.swift */ = {isa = PBXFileReference; lastKnownFileType = sourcecode.swift; path = FirebaseReference.swift; sourceTree = "<group>"; };
		ED194CBB2859EB7500C9E5D3 /* StorageUploader.swift */ = {isa = PBXFileReference; lastKnownFileType = sourcecode.swift; path = StorageUploader.swift; sourceTree = "<group>"; };
		ED194CBD285A007C00C9E5D3 /* InputTextView.swift */ = {isa = PBXFileReference; lastKnownFileType = sourcecode.swift; path = InputTextView.swift; sourceTree = "<group>"; };
		ED204B21285DB16F0016FDCA /* UILabel+Ext.swift */ = {isa = PBXFileReference; lastKnownFileType = sourcecode.swift; path = "UILabel+Ext.swift"; sourceTree = "<group>"; };
		ED626A862862B09E003BB636 /* ProfileCell.swift */ = {isa = PBXFileReference; lastKnownFileType = sourcecode.swift; path = ProfileCell.swift; sourceTree = "<group>"; };
		ED626A892862B41C003BB636 /* JoinedEventCell.swift */ = {isa = PBXFileReference; lastKnownFileType = sourcecode.swift; path = JoinedEventCell.swift; sourceTree = "<group>"; };
		ED626A8B2862B892003BB636 /* EventPhotosCell.swift */ = {isa = PBXFileReference; lastKnownFileType = sourcecode.swift; path = EventPhotosCell.swift; sourceTree = "<group>"; };
		ED626A8D2862BA97003BB636 /* ProfileHeader.swift */ = {isa = PBXFileReference; lastKnownFileType = sourcecode.swift; path = ProfileHeader.swift; sourceTree = "<group>"; };
		ED626A8F2862DA20003BB636 /* EditProfileController.swift */ = {isa = PBXFileReference; lastKnownFileType = sourcecode.swift; path = EditProfileController.swift; sourceTree = "<group>"; };
		ED7627B6285F6922005EB15C /* UserCell.swift */ = {isa = PBXFileReference; lastKnownFileType = sourcecode.swift; path = UserCell.swift; sourceTree = "<group>"; };
		ED81C3D3285D7F0F004C12EA /* UserService.swift */ = {isa = PBXFileReference; lastKnownFileType = sourcecode.swift; path = UserService.swift; sourceTree = "<group>"; };
		ED81C3D6285D93D3004C12EA /* Firebase+Ext.swift */ = {isa = PBXFileReference; lastKnownFileType = sourcecode.swift; path = "Firebase+Ext.swift"; sourceTree = "<group>"; };
		ED81C3D8285D9464004C12EA /* Notification.swift */ = {isa = PBXFileReference; lastKnownFileType = sourcecode.swift; path = Notification.swift; sourceTree = "<group>"; };
		ED81C3DA285D9804004C12EA /* NotificationService.swift */ = {isa = PBXFileReference; lastKnownFileType = sourcecode.swift; path = NotificationService.swift; sourceTree = "<group>"; };
		ED81C3DD285DA50D004C12EA /* NotificationCell.swift */ = {isa = PBXFileReference; lastKnownFileType = sourcecode.swift; path = NotificationCell.swift; sourceTree = "<group>"; };
		ED83392B285AD57600236814 /* DetailHeader.swift */ = {isa = PBXFileReference; lastKnownFileType = sourcecode.swift; path = DetailHeader.swift; sourceTree = "<group>"; };
		ED83392D285ADC4B00236814 /* DetailDescriptionCell.swift */ = {isa = PBXFileReference; lastKnownFileType = sourcecode.swift; path = DetailDescriptionCell.swift; sourceTree = "<group>"; };
		ED833931285B1BA700236814 /* PreviewMapCell.swift */ = {isa = PBXFileReference; lastKnownFileType = sourcecode.swift; path = PreviewMapCell.swift; sourceTree = "<group>"; };
		ED833933285B25C000236814 /* FullMapController.swift */ = {isa = PBXFileReference; lastKnownFileType = sourcecode.swift; path = FullMapController.swift; sourceTree = "<group>"; };
		ED847A01285B7FCA00F33C7F /* MKPlacemark+Ext.swift */ = {isa = PBXFileReference; lastKnownFileType = sourcecode.swift; path = "MKPlacemark+Ext.swift"; sourceTree = "<group>"; };
		ED847A03285B870500F33C7F /* StretchyTableHeaderView.swift */ = {isa = PBXFileReference; lastKnownFileType = sourcecode.swift; path = StretchyTableHeaderView.swift; sourceTree = "<group>"; };
		ED847A05285C6EBA00F33C7F /* MediaPlayerView.swift */ = {isa = PBXFileReference; lastKnownFileType = sourcecode.swift; path = MediaPlayerView.swift; sourceTree = "<group>"; };
		ED847A07285C711200F33C7F /* MediaPlayerController.swift */ = {isa = PBXFileReference; lastKnownFileType = sourcecode.swift; path = MediaPlayerController.swift; sourceTree = "<group>"; };
		ED847A09285C764000F33C7F /* MKMapView+Ext.swift */ = {isa = PBXFileReference; lastKnownFileType = sourcecode.swift; path = "MKMapView+Ext.swift"; sourceTree = "<group>"; };
		ED847A0F285CDE1A00F33C7F /* LoginController.swift */ = {isa = PBXFileReference; lastKnownFileType = sourcecode.swift; path = LoginController.swift; sourceTree = "<group>"; };
		ED847A11285CDE7300F33C7F /* AuthTextField.swift */ = {isa = PBXFileReference; lastKnownFileType = sourcecode.swift; path = AuthTextField.swift; sourceTree = "<group>"; };
		ED847A13285CDF9C00F33C7F /* RegistrationController.swift */ = {isa = PBXFileReference; lastKnownFileType = sourcecode.swift; path = RegistrationController.swift; sourceTree = "<group>"; };
		ED847A15285CDFAA00F33C7F /* ResetPasswordController.swift */ = {isa = PBXFileReference; lastKnownFileType = sourcecode.swift; path = ResetPasswordController.swift; sourceTree = "<group>"; };
		ED847A17285CDFEA00F33C7F /* AuthService.swift */ = {isa = PBXFileReference; lastKnownFileType = sourcecode.swift; path = AuthService.swift; sourceTree = "<group>"; };
		ED847A19285CE0BE00F33C7F /* AuthButton.swift */ = {isa = PBXFileReference; lastKnownFileType = sourcecode.swift; path = AuthButton.swift; sourceTree = "<group>"; };
		ED847A1B285CE5E700F33C7F /* User.swift */ = {isa = PBXFileReference; lastKnownFileType = sourcecode.swift; path = User.swift; sourceTree = "<group>"; };
		ED8B1EF22860CC4B008A0ECB /* MessageService.swift */ = {isa = PBXFileReference; lastKnownFileType = sourcecode.swift; path = MessageService.swift; sourceTree = "<group>"; };
		ED8B1EF42860E2D8008A0ECB /* Conversation.swift */ = {isa = PBXFileReference; lastKnownFileType = sourcecode.swift; path = Conversation.swift; sourceTree = "<group>"; };
		EDC336112859DC3F00A6A95A /* betterdays.mp3 */ = {isa = PBXFileReference; lastKnownFileType = audio.mp3; path = betterdays.mp3; sourceTree = "<group>"; };
		EDC336122859DC4000A6A95A /* creativeminds.mp3 */ = {isa = PBXFileReference; lastKnownFileType = audio.mp3; path = creativeminds.mp3; sourceTree = "<group>"; };
		EDC336132859DC4000A6A95A /* dreams.mp3 */ = {isa = PBXFileReference; lastKnownFileType = audio.mp3; path = dreams.mp3; sourceTree = "<group>"; };
		EDC336142859DC4000A6A95A /* relaxing.mp3 */ = {isa = PBXFileReference; lastKnownFileType = audio.mp3; path = relaxing.mp3; sourceTree = "<group>"; };
		EDC336152859DC4100A6A95A /* allthat.mp3 */ = {isa = PBXFileReference; lastKnownFileType = audio.mp3; path = allthat.mp3; sourceTree = "<group>"; };
		EDC336162859DC4100A6A95A /* slowmotion.mp3 */ = {isa = PBXFileReference; lastKnownFileType = audio.mp3; path = slowmotion.mp3; sourceTree = "<group>"; };
		EDC663EA28614FB8007FEF82 /* ConservasationsController.swift */ = {isa = PBXFileReference; lastKnownFileType = sourcecode.swift; path = ConservasationsController.swift; sourceTree = "<group>"; };
		EDC663EC28615D8D007FEF82 /* ConversationCell.swift */ = {isa = PBXFileReference; lastKnownFileType = sourcecode.swift; path = ConversationCell.swift; sourceTree = "<group>"; };
		EDC663EF28617465007FEF82 /* ExploreCell.swift */ = {isa = PBXFileReference; lastKnownFileType = sourcecode.swift; path = ExploreCell.swift; sourceTree = "<group>"; };
		EDC663F128619407007FEF82 /* NTSegmentControl.swift */ = {isa = PBXFileReference; lastKnownFileType = sourcecode.swift; path = NTSegmentControl.swift; sourceTree = "<group>"; };
		EDC663F328619F22007FEF82 /* SearchResultController.swift */ = {isa = PBXFileReference; lastKnownFileType = sourcecode.swift; path = SearchResultController.swift; sourceTree = "<group>"; };
		EDD1031E2860142C00AECAD9 /* Message.swift */ = {isa = PBXFileReference; lastKnownFileType = sourcecode.swift; path = Message.swift; sourceTree = "<group>"; };
		EDD1032428601EBA00AECAD9 /* ChatController.swift */ = {isa = PBXFileReference; lastKnownFileType = sourcecode.swift; path = ChatController.swift; sourceTree = "<group>"; };
		EDD1032628602B4A00AECAD9 /* ChatRoom.swift */ = {isa = PBXFileReference; lastKnownFileType = sourcecode.swift; path = ChatRoom.swift; sourceTree = "<group>"; };
		EDD1032A28603E3100AECAD9 /* ChatCell.swift */ = {isa = PBXFileReference; lastKnownFileType = sourcecode.swift; path = ChatCell.swift; sourceTree = "<group>"; };
		EDD1032C28603F8800AECAD9 /* DateHeaderLabel.swift */ = {isa = PBXFileReference; lastKnownFileType = sourcecode.swift; path = DateHeaderLabel.swift; sourceTree = "<group>"; };
		EDF3E2A7285AC563000E2218 /* EventDetailController.swift */ = {isa = PBXFileReference; lastKnownFileType = sourcecode.swift; path = EventDetailController.swift; sourceTree = "<group>"; };
		EDF3E2AA285ACA91000E2218 /* DetailInfoCell.swift */ = {isa = PBXFileReference; lastKnownFileType = sourcecode.swift; path = DetailInfoCell.swift; sourceTree = "<group>"; };
		EDF3E2AC285ACAE5000E2218 /* UICollectionView+Ext.swift */ = {isa = PBXFileReference; lastKnownFileType = sourcecode.swift; path = "UICollectionView+Ext.swift"; sourceTree = "<group>"; };
/* End PBXFileReference section */

/* Begin PBXFrameworksBuildPhase section */
		ED0A4833285873DB004661BB /* Frameworks */ = {
			isa = PBXFrameworksBuildPhase;
			buildActionMask = 2147483647;
			files = (
				0F13DB5D971F3580EE80EE4F /* Pods_Nocturnal.framework in Frameworks */,
			);
			runOnlyForDeploymentPostprocessing = 0;
		};
/* End PBXFrameworksBuildPhase section */

/* Begin PBXGroup section */
		3E54F461AF3D83E64FD074B9 /* Pods */ = {
			isa = PBXGroup;
			children = (
				9C3783DCAEAE263DE0579338 /* Pods-Nocturnal.debug.xcconfig */,
				190BE80E14DE62D509FD1218 /* Pods-Nocturnal.release.xcconfig */,
			);
			path = Pods;
			sourceTree = "<group>";
		};
		ED0422DE28644F82005C20EE /* Edit */ = {
			isa = PBXGroup;
			children = (
				ED0422E1286450E1005C20EE /* EditProfileHeader.swift */,
				ED0422DF28644F8E005C20EE /* EditProfileCell.swift */,
			);
			path = Edit;
			sourceTree = "<group>";
		};
		ED0A482D285873DB004661BB = {
			isa = PBXGroup;
			children = (
				ED0A4838285873DB004661BB /* Nocturnal */,
				ED0A4837285873DB004661BB /* Products */,
				3E54F461AF3D83E64FD074B9 /* Pods */,
				EF88E31788BB34D2544719C7 /* Frameworks */,
			);
			sourceTree = "<group>";
		};
		ED0A4837285873DB004661BB /* Products */ = {
			isa = PBXGroup;
			children = (
				ED0A4836285873DB004661BB /* Nocturnal.app */,
			);
			name = Products;
			sourceTree = "<group>";
		};
		ED0A4838285873DB004661BB /* Nocturnal */ = {
			isa = PBXGroup;
			children = (
				ED194CB42859E51000C9E5D3 /* FirebaseAPI */,
				ED0B425028588AE1000680C2 /* Third party wrapper */,
				ED0A4851285877F7004661BB /* Resources */,
				ED0A4850285877D0004661BB /* Extensions */,
				ED0A484F285877C6004661BB /* Views */,
				ED0A484E285877BE004661BB /* Models */,
				ED0A484D285877B5004661BB /* Controllers */,
				ED0A4839285873DB004661BB /* AppDelegate.swift */,
				ED0A483B285873DB004661BB /* SceneDelegate.swift */,
				ED0A483D285873DB004661BB /* ViewController.swift */,
				ED0A483F285873DB004661BB /* Main.storyboard */,
				ED0A4842285873DC004661BB /* Assets.xcassets */,
				ED0A4844285873DC004661BB /* LaunchScreen.storyboard */,
				ED0A4847285873DC004661BB /* Info.plist */,
				ED0E5820286069BC00064C02 /* GoogleService-Info.plist */,
			);
			path = Nocturnal;
			sourceTree = "<group>";
		};
		ED0A484D285877B5004661BB /* Controllers */ = {
			isa = PBXGroup;
			children = (
				ED26DAEE285F0EEE0094B546 /* Chat */,
				ED0A485228587884004661BB /* MainTabBarController.swift */,
				ED847A0E285CDDD100F33C7F /* Authentication */,
				ED0A486228587C87004661BB /* Profile */,
				ED0A486128587C7B004661BB /* Notification */,
				ED0A486028587C6D004661BB /* Stats */,
				ED0A485F28587C61004661BB /* Explore */,
				ED0A485E28587C50004661BB /* Home */,
			);
			path = Controllers;
			sourceTree = "<group>";
		};
		ED0A484E285877BE004661BB /* Models */ = {
			isa = PBXGroup;
			children = (
				ED204B65285EF8990016FDCA /* Chat */,
				ED194CB72859E62F00C9E5D3 /* Event.swift */,
				ED847A1B285CE5E700F33C7F /* User.swift */,
				ED81C3D8285D9464004C12EA /* Notification.swift */,
			);
			path = Models;
			sourceTree = "<group>";
		};
		ED0A484F285877C6004661BB /* Views */ = {
			isa = PBXGroup;
			children = (
				ED626A882862B3FD003BB636 /* Profile */,
				EDC663EE2861745B007FEF82 /* Explore */,
				EDD1031D2860131800AECAD9 /* Chat */,
				ED81C3DC285DA4FE004C12EA /* Notification */,
				ED0B4247285887FC000680C2 /* CustomViews */,
				ED0B4254285986DC000680C2 /* Home */,
			);
			path = Views;
			sourceTree = "<group>";
		};
		ED0A4850285877D0004661BB /* Extensions */ = {
			isa = PBXGroup;
			children = (
				ED0B423B28588611000680C2 /* UIColor+Ext.swift */,
				ED0B423D2858863D000680C2 /* Date+Ext.swift */,
				ED0B423F28588697000680C2 /* UITableView+Ext.swift */,
				EDF3E2AC285ACAE5000E2218 /* UICollectionView+Ext.swift */,
				ED0B4241285886D7000680C2 /* UIScrollView+Ext.swift */,
				ED0B4243285886FC000680C2 /* UIImage+Ext.swift */,
				ED0B424528588750000680C2 /* UIFont+Ext.swift */,
				ED0B424828588845000680C2 /* UIButton+Ext.swift */,
				ED0B424A285888D6000680C2 /* UIView+Ext.swift */,
				ED0B424C2858895A000680C2 /* UIViewController+Ext.swift */,
				ED0B424E28588A61000680C2 /* UITextField+Ext.swift */,
				ED847A01285B7FCA00F33C7F /* MKPlacemark+Ext.swift */,
				ED847A09285C764000F33C7F /* MKMapView+Ext.swift */,
				ED81C3D6285D93D3004C12EA /* Firebase+Ext.swift */,
				ED204B21285DB16F0016FDCA /* UILabel+Ext.swift */,
			);
			path = Extensions;
			sourceTree = "<group>";
		};
		ED0A4851285877F7004661BB /* Resources */ = {
			isa = PBXGroup;
			children = (
				EDC336102859DC2300A6A95A /* Music Samples */,
				ED194CB02859DF0700C9E5D3 /* MusicSample.swift */,
			);
			path = Resources;
			sourceTree = "<group>";
		};
		ED0A485E28587C50004661BB /* Home */ = {
			isa = PBXGroup;
			children = (
				ED81C3D5285D9376004C12EA /* Detail */,
				ED0A485428587A27004661BB /* HomeController.swift */,
				ED0B425128597CCC000680C2 /* AddEventController.swift */,
			);
			path = Home;
			sourceTree = "<group>";
		};
		ED0A485F28587C61004661BB /* Explore */ = {
			isa = PBXGroup;
			children = (
				ED0A485628587A7C004661BB /* ExploreController.swift */,
				EDC663F328619F22007FEF82 /* SearchResultController.swift */,
			);
			path = Explore;
			sourceTree = "<group>";
		};
		ED0A486028587C6D004661BB /* Stats */ = {
			isa = PBXGroup;
			children = (
				ED0A485828587BDE004661BB /* StatsController.swift */,
			);
			path = Stats;
			sourceTree = "<group>";
		};
		ED0A486128587C7B004661BB /* Notification */ = {
			isa = PBXGroup;
			children = (
				ED0A485A28587C0C004661BB /* NotificationController.swift */,
			);
			path = Notification;
			sourceTree = "<group>";
		};
		ED0A486228587C87004661BB /* Profile */ = {
			isa = PBXGroup;
			children = (
				ED0A485C28587C28004661BB /* ProfileController.swift */,
				ED626A8F2862DA20003BB636 /* EditProfileController.swift */,
			);
			path = Profile;
			sourceTree = "<group>";
		};
		ED0B4247285887FC000680C2 /* CustomViews */ = {
			isa = PBXGroup;
			children = (
				ED194CBD285A007C00C9E5D3 /* InputTextView.swift */,
				ED847A03285B870500F33C7F /* StretchyTableHeaderView.swift */,
				ED847A05285C6EBA00F33C7F /* MediaPlayerView.swift */,
				ED847A11285CDE7300F33C7F /* AuthTextField.swift */,
				ED847A19285CE0BE00F33C7F /* AuthButton.swift */,
				EDD1032C28603F8800AECAD9 /* DateHeaderLabel.swift */,
				ED0E58222860758F00064C02 /* MessageInputAccessoryView.swift */,
				EDC663F128619407007FEF82 /* NTSegmentControl.swift */,
			);
			path = CustomViews;
			sourceTree = "<group>";
		};
		ED0B425028588AE1000680C2 /* Third party wrapper */ = {
			isa = PBXGroup;
			children = (
			);
			path = "Third party wrapper";
			sourceTree = "<group>";
		};
		ED0B4254285986DC000680C2 /* Home */ = {
			isa = PBXGroup;
			children = (
				EDF3E2A9285ACA76000E2218 /* Detail */,
				ED0B425728598718000680C2 /* UploadEventInfoCell.swift */,
			);
			path = Home;
			sourceTree = "<group>";
		};
		ED194CB42859E51000C9E5D3 /* FirebaseAPI */ = {
			isa = PBXGroup;
			children = (
				ED26DAF3285F13570094B546 /* Chat */,
				ED847A17285CDFEA00F33C7F /* AuthService.swift */,
				ED194CB52859E5D100C9E5D3 /* EventService.swift */,
				ED194CB92859E8F300C9E5D3 /* FirebaseReference.swift */,
				ED194CBB2859EB7500C9E5D3 /* StorageUploader.swift */,
				ED81C3D3285D7F0F004C12EA /* UserService.swift */,
				ED81C3DA285D9804004C12EA /* NotificationService.swift */,
				ED8B1EF22860CC4B008A0ECB /* MessageService.swift */,
			);
			path = FirebaseAPI;
			sourceTree = "<group>";
		};
		ED204B65285EF8990016FDCA /* Chat */ = {
			isa = PBXGroup;
			children = (
				EDD1031E2860142C00AECAD9 /* Message.swift */,
				EDD1032628602B4A00AECAD9 /* ChatRoom.swift */,
				ED8B1EF42860E2D8008A0ECB /* Conversation.swift */,
			);
			path = Chat;
			sourceTree = "<group>";
		};
		ED26DAEE285F0EEE0094B546 /* Chat */ = {
			isa = PBXGroup;
			children = (
				EDD1032428601EBA00AECAD9 /* ChatController.swift */,
				EDC663EA28614FB8007FEF82 /* ConservasationsController.swift */,
			);
			path = Chat;
			sourceTree = "<group>";
		};
		ED26DAF3285F13570094B546 /* Chat */ = {
			isa = PBXGroup;
			children = (
			);
			path = Chat;
			sourceTree = "<group>";
		};
		ED626A882862B3FD003BB636 /* Profile */ = {
			isa = PBXGroup;
			children = (
				ED0422DE28644F82005C20EE /* Edit */,
				ED626A862862B09E003BB636 /* ProfileCell.swift */,
				ED626A892862B41C003BB636 /* JoinedEventCell.swift */,
				ED626A8B2862B892003BB636 /* EventPhotosCell.swift */,
				ED626A8D2862BA97003BB636 /* ProfileHeader.swift */,
			);
			path = Profile;
			sourceTree = "<group>";
		};
		ED81C3D5285D9376004C12EA /* Detail */ = {
			isa = PBXGroup;
			children = (
				EDF3E2A7285AC563000E2218 /* EventDetailController.swift */,
				ED833933285B25C000236814 /* FullMapController.swift */,
				ED847A07285C711200F33C7F /* MediaPlayerController.swift */,
			);
			path = Detail;
			sourceTree = "<group>";
		};
		ED81C3DC285DA4FE004C12EA /* Notification */ = {
			isa = PBXGroup;
			children = (
				ED81C3DD285DA50D004C12EA /* NotificationCell.swift */,
			);
			path = Notification;
			sourceTree = "<group>";
		};
		ED847A0E285CDDD100F33C7F /* Authentication */ = {
			isa = PBXGroup;
			children = (
				ED847A0F285CDE1A00F33C7F /* LoginController.swift */,
				ED847A13285CDF9C00F33C7F /* RegistrationController.swift */,
				ED847A15285CDFAA00F33C7F /* ResetPasswordController.swift */,
			);
			path = Authentication;
			sourceTree = "<group>";
		};
		EDC336102859DC2300A6A95A /* Music Samples */ = {
			isa = PBXGroup;
			children = (
				EDC336152859DC4100A6A95A /* allthat.mp3 */,
				EDC336112859DC3F00A6A95A /* betterdays.mp3 */,
				EDC336122859DC4000A6A95A /* creativeminds.mp3 */,
				EDC336132859DC4000A6A95A /* dreams.mp3 */,
				EDC336142859DC4000A6A95A /* relaxing.mp3 */,
				EDC336162859DC4100A6A95A /* slowmotion.mp3 */,
			);
			path = "Music Samples";
			sourceTree = "<group>";
		};
		EDC663EE2861745B007FEF82 /* Explore */ = {
			isa = PBXGroup;
			children = (
				EDC663EF28617465007FEF82 /* ExploreCell.swift */,
			);
			path = Explore;
			sourceTree = "<group>";
		};
		EDD1031D2860131800AECAD9 /* Chat */ = {
			isa = PBXGroup;
			children = (
				ED7627B6285F6922005EB15C /* UserCell.swift */,
				EDD1032A28603E3100AECAD9 /* ChatCell.swift */,
				ED0E582428609AEE00064C02 /* MessageCell.swift */,
				EDC663EC28615D8D007FEF82 /* ConversationCell.swift */,
			);
			path = Chat;
			sourceTree = "<group>";
		};
		EDF3E2A9285ACA76000E2218 /* Detail */ = {
			isa = PBXGroup;
			children = (
				EDF3E2AA285ACA91000E2218 /* DetailInfoCell.swift */,
				ED83392B285AD57600236814 /* DetailHeader.swift */,
				ED83392D285ADC4B00236814 /* DetailDescriptionCell.swift */,
				ED833931285B1BA700236814 /* PreviewMapCell.swift */,
			);
			path = Detail;
			sourceTree = "<group>";
		};
		EF88E31788BB34D2544719C7 /* Frameworks */ = {
			isa = PBXGroup;
			children = (
				A0CA1A58678060B509C34477 /* Pods_Nocturnal.framework */,
			);
			name = Frameworks;
			sourceTree = "<group>";
		};
/* End PBXGroup section */

/* Begin PBXNativeTarget section */
		ED0A4835285873DB004661BB /* Nocturnal */ = {
			isa = PBXNativeTarget;
			buildConfigurationList = ED0A484A285873DC004661BB /* Build configuration list for PBXNativeTarget "Nocturnal" */;
			buildPhases = (
				2333BD50DFBFA05CDBD1F685 /* [CP] Check Pods Manifest.lock */,
				ED0B425328597E93000680C2 /* Run Swift lint */,
				ED0A4832285873DB004661BB /* Sources */,
				ED0A4833285873DB004661BB /* Frameworks */,
				ED0A4834285873DB004661BB /* Resources */,
				8F5A7DA60C5A182A994E137A /* [CP] Embed Pods Frameworks */,
			);
			buildRules = (
			);
			dependencies = (
			);
			name = Nocturnal;
			productName = Nocturnal;
			productReference = ED0A4836285873DB004661BB /* Nocturnal.app */;
			productType = "com.apple.product-type.application";
		};
/* End PBXNativeTarget section */

/* Begin PBXProject section */
		ED0A482E285873DB004661BB /* Project object */ = {
			isa = PBXProject;
			attributes = {
				BuildIndependentTargetsInParallel = 1;
				LastSwiftUpdateCheck = 1340;
				LastUpgradeCheck = 1340;
				TargetAttributes = {
					ED0A4835285873DB004661BB = {
						CreatedOnToolsVersion = 13.4;
					};
				};
			};
			buildConfigurationList = ED0A4831285873DB004661BB /* Build configuration list for PBXProject "Nocturnal" */;
			compatibilityVersion = "Xcode 13.0";
			developmentRegion = en;
			hasScannedForEncodings = 0;
			knownRegions = (
				en,
				Base,
			);
			mainGroup = ED0A482D285873DB004661BB;
			productRefGroup = ED0A4837285873DB004661BB /* Products */;
			projectDirPath = "";
			projectRoot = "";
			targets = (
				ED0A4835285873DB004661BB /* Nocturnal */,
			);
		};
/* End PBXProject section */

/* Begin PBXResourcesBuildPhase section */
		ED0A4834285873DB004661BB /* Resources */ = {
			isa = PBXResourcesBuildPhase;
			buildActionMask = 2147483647;
			files = (
				ED0A4846285873DC004661BB /* LaunchScreen.storyboard in Resources */,
				EDC3361C2859DC4100A6A95A /* slowmotion.mp3 in Resources */,
				EDC3361A2859DC4100A6A95A /* relaxing.mp3 in Resources */,
				ED0A4843285873DC004661BB /* Assets.xcassets in Resources */,
				EDC3361B2859DC4100A6A95A /* allthat.mp3 in Resources */,
				ED0A4841285873DB004661BB /* Main.storyboard in Resources */,
				EDC336172859DC4100A6A95A /* betterdays.mp3 in Resources */,
				ED0E5821286069BC00064C02 /* GoogleService-Info.plist in Resources */,
				EDC336192859DC4100A6A95A /* dreams.mp3 in Resources */,
				EDC336182859DC4100A6A95A /* creativeminds.mp3 in Resources */,
			);
			runOnlyForDeploymentPostprocessing = 0;
		};
/* End PBXResourcesBuildPhase section */

/* Begin PBXShellScriptBuildPhase section */
		2333BD50DFBFA05CDBD1F685 /* [CP] Check Pods Manifest.lock */ = {
			isa = PBXShellScriptBuildPhase;
			buildActionMask = 2147483647;
			files = (
			);
			inputFileListPaths = (
			);
			inputPaths = (
				"${PODS_PODFILE_DIR_PATH}/Podfile.lock",
				"${PODS_ROOT}/Manifest.lock",
			);
			name = "[CP] Check Pods Manifest.lock";
			outputFileListPaths = (
			);
			outputPaths = (
				"$(DERIVED_FILE_DIR)/Pods-Nocturnal-checkManifestLockResult.txt",
			);
			runOnlyForDeploymentPostprocessing = 0;
			shellPath = /bin/sh;
			shellScript = "diff \"${PODS_PODFILE_DIR_PATH}/Podfile.lock\" \"${PODS_ROOT}/Manifest.lock\" > /dev/null\nif [ $? != 0 ] ; then\n    # print error to STDERR\n    echo \"error: The sandbox is not in sync with the Podfile.lock. Run 'pod install' or update your CocoaPods installation.\" >&2\n    exit 1\nfi\n# This output is used by Xcode 'outputs' to avoid re-running this script phase.\necho \"SUCCESS\" > \"${SCRIPT_OUTPUT_FILE_0}\"\n";
			showEnvVarsInLog = 0;
		};
		8F5A7DA60C5A182A994E137A /* [CP] Embed Pods Frameworks */ = {
			isa = PBXShellScriptBuildPhase;
			buildActionMask = 2147483647;
			files = (
			);
			inputFileListPaths = (
				"${PODS_ROOT}/Target Support Files/Pods-Nocturnal/Pods-Nocturnal-frameworks-${CONFIGURATION}-input-files.xcfilelist",
			);
			name = "[CP] Embed Pods Frameworks";
			outputFileListPaths = (
				"${PODS_ROOT}/Target Support Files/Pods-Nocturnal/Pods-Nocturnal-frameworks-${CONFIGURATION}-output-files.xcfilelist",
			);
			runOnlyForDeploymentPostprocessing = 0;
			shellPath = /bin/sh;
			shellScript = "\"${PODS_ROOT}/Target Support Files/Pods-Nocturnal/Pods-Nocturnal-frameworks.sh\"\n";
			showEnvVarsInLog = 0;
		};
		ED0B425328597E93000680C2 /* Run Swift lint */ = {
			isa = PBXShellScriptBuildPhase;
			buildActionMask = 2147483647;
			files = (
			);
			inputFileListPaths = (
			);
			inputPaths = (
			);
			name = "Run Swift lint";
			outputFileListPaths = (
			);
			outputPaths = (
			);
			runOnlyForDeploymentPostprocessing = 0;
			shellPath = /bin/sh;
			shellScript = "\"${PODS_ROOT}/SwiftLint/swiftlint\"\n";
		};
/* End PBXShellScriptBuildPhase section */

/* Begin PBXSourcesBuildPhase section */
		ED0A4832285873DB004661BB /* Sources */ = {
			isa = PBXSourcesBuildPhase;
			buildActionMask = 2147483647;
			files = (
				ED0B424B285888D6000680C2 /* UIView+Ext.swift in Sources */,
				ED0A485328587884004661BB /* MainTabBarController.swift in Sources */,
				ED0B425228597CCC000680C2 /* AddEventController.swift in Sources */,
				ED194CB62859E5D100C9E5D3 /* EventService.swift in Sources */,
				EDC663F428619F22007FEF82 /* SearchResultController.swift in Sources */,
				EDF3E2AD285ACAE5000E2218 /* UICollectionView+Ext.swift in Sources */,
				ED0B424028588697000680C2 /* UITableView+Ext.swift in Sources */,
				ED847A16285CDFAA00F33C7F /* ResetPasswordController.swift in Sources */,
				ED0E582528609AEE00064C02 /* MessageCell.swift in Sources */,
				ED833932285B1BA700236814 /* PreviewMapCell.swift in Sources */,
				EDC663F228619407007FEF82 /* NTSegmentControl.swift in Sources */,
				ED847A08285C711200F33C7F /* MediaPlayerController.swift in Sources */,
				ED833934285B25C000236814 /* FullMapController.swift in Sources */,
				ED847A12285CDE7300F33C7F /* AuthTextField.swift in Sources */,
				EDD1032B28603E3100AECAD9 /* ChatCell.swift in Sources */,
				ED0E58232860758F00064C02 /* MessageInputAccessoryView.swift in Sources */,
				ED8B1EF52860E2D8008A0ECB /* Conversation.swift in Sources */,
				ED626A872862B09E003BB636 /* ProfileCell.swift in Sources */,
				ED194CBC2859EB7500C9E5D3 /* StorageUploader.swift in Sources */,
				ED847A18285CDFEA00F33C7F /* AuthService.swift in Sources */,
				EDC663EB28614FB8007FEF82 /* ConservasationsController.swift in Sources */,
				ED0A483E285873DB004661BB /* ViewController.swift in Sources */,
				ED83392C285AD57600236814 /* DetailHeader.swift in Sources */,
				ED0B424928588845000680C2 /* UIButton+Ext.swift in Sources */,
				ED81C3DE285DA50D004C12EA /* NotificationCell.swift in Sources */,
				ED0A485B28587C0C004661BB /* NotificationController.swift in Sources */,
				ED0A483A285873DB004661BB /* AppDelegate.swift in Sources */,
				ED81C3DB285D9804004C12EA /* NotificationService.swift in Sources */,
				EDD1032D28603F8800AECAD9 /* DateHeaderLabel.swift in Sources */,
				ED0422E028644F8E005C20EE /* EditProfileCell.swift in Sources */,
				ED847A0A285C764000F33C7F /* MKMapView+Ext.swift in Sources */,
				ED847A04285B870500F33C7F /* StretchyTableHeaderView.swift in Sources */,
				EDD1032528601EBA00AECAD9 /* ChatController.swift in Sources */,
				ED0A483C285873DB004661BB /* SceneDelegate.swift in Sources */,
				ED194CB12859DF0700C9E5D3 /* MusicSample.swift in Sources */,
				ED847A1C285CE5E700F33C7F /* User.swift in Sources */,
				ED81C3D4285D7F0F004C12EA /* UserService.swift in Sources */,
				ED81C3D9285D9464004C12EA /* Notification.swift in Sources */,
				ED0B424D2858895A000680C2 /* UIViewController+Ext.swift in Sources */,
				ED0422E2286450E1005C20EE /* EditProfileHeader.swift in Sources */,
				ED0A485D28587C28004661BB /* ProfileController.swift in Sources */,
				ED0B424F28588A61000680C2 /* UITextField+Ext.swift in Sources */,
				ED194CBE285A007C00C9E5D3 /* InputTextView.swift in Sources */,
				EDD1032728602B4A00AECAD9 /* ChatRoom.swift in Sources */,
				ED0B4244285886FC000680C2 /* UIImage+Ext.swift in Sources */,
				ED194CBA2859E8F300C9E5D3 /* FirebaseReference.swift in Sources */,
				ED626A8C2862B892003BB636 /* EventPhotosCell.swift in Sources */,
				ED626A8A2862B41C003BB636 /* JoinedEventCell.swift in Sources */,
				ED0B423E2858863D000680C2 /* Date+Ext.swift in Sources */,
				ED204B22285DB16F0016FDCA /* UILabel+Ext.swift in Sources */,
				EDC663ED28615D8D007FEF82 /* ConversationCell.swift in Sources */,
				ED626A8E2862BA97003BB636 /* ProfileHeader.swift in Sources */,
				ED847A14285CDF9C00F33C7F /* RegistrationController.swift in Sources */,
				ED847A02285B7FCA00F33C7F /* MKPlacemark+Ext.swift in Sources */,
				ED847A06285C6EBA00F33C7F /* MediaPlayerView.swift in Sources */,
				ED194CB82859E62F00C9E5D3 /* Event.swift in Sources */,
				ED0B424628588750000680C2 /* UIFont+Ext.swift in Sources */,
				ED8B1EF32860CC4B008A0ECB /* MessageService.swift in Sources */,
				ED0A485928587BDE004661BB /* StatsController.swift in Sources */,
				ED0B425828598718000680C2 /* UploadEventInfoCell.swift in Sources */,
				ED0B4242285886D7000680C2 /* UIScrollView+Ext.swift in Sources */,
				EDD1031F2860142C00AECAD9 /* Message.swift in Sources */,
				EDC663F028617465007FEF82 /* ExploreCell.swift in Sources */,
				ED847A10285CDE1A00F33C7F /* LoginController.swift in Sources */,
				ED0B423C28588611000680C2 /* UIColor+Ext.swift in Sources */,
				ED0A485528587A27004661BB /* HomeController.swift in Sources */,
				ED626A902862DA20003BB636 /* EditProfileController.swift in Sources */,
				ED81C3D7285D93D3004C12EA /* Firebase+Ext.swift in Sources */,
				ED83392E285ADC4B00236814 /* DetailDescriptionCell.swift in Sources */,
				ED0A485728587A7C004661BB /* ExploreController.swift in Sources */,
				EDF3E2A8285AC563000E2218 /* EventDetailController.swift in Sources */,
				EDF3E2AB285ACA91000E2218 /* DetailInfoCell.swift in Sources */,
				ED847A1A285CE0BE00F33C7F /* AuthButton.swift in Sources */,
			);
			runOnlyForDeploymentPostprocessing = 0;
		};
/* End PBXSourcesBuildPhase section */

/* Begin PBXVariantGroup section */
		ED0A483F285873DB004661BB /* Main.storyboard */ = {
			isa = PBXVariantGroup;
			children = (
				ED0A4840285873DB004661BB /* Base */,
			);
			name = Main.storyboard;
			sourceTree = "<group>";
		};
		ED0A4844285873DC004661BB /* LaunchScreen.storyboard */ = {
			isa = PBXVariantGroup;
			children = (
				ED0A4845285873DC004661BB /* Base */,
			);
			name = LaunchScreen.storyboard;
			sourceTree = "<group>";
		};
/* End PBXVariantGroup section */

/* Begin XCBuildConfiguration section */
		ED0A4848285873DC004661BB /* Debug */ = {
			isa = XCBuildConfiguration;
			buildSettings = {
				ALWAYS_SEARCH_USER_PATHS = NO;
				CLANG_ANALYZER_NONNULL = YES;
				CLANG_ANALYZER_NUMBER_OBJECT_CONVERSION = YES_AGGRESSIVE;
				CLANG_CXX_LANGUAGE_STANDARD = "gnu++17";
				CLANG_ENABLE_MODULES = YES;
				CLANG_ENABLE_OBJC_ARC = YES;
				CLANG_ENABLE_OBJC_WEAK = YES;
				CLANG_WARN_BLOCK_CAPTURE_AUTORELEASING = YES;
				CLANG_WARN_BOOL_CONVERSION = YES;
				CLANG_WARN_COMMA = YES;
				CLANG_WARN_CONSTANT_CONVERSION = YES;
				CLANG_WARN_DEPRECATED_OBJC_IMPLEMENTATIONS = YES;
				CLANG_WARN_DIRECT_OBJC_ISA_USAGE = YES_ERROR;
				CLANG_WARN_DOCUMENTATION_COMMENTS = YES;
				CLANG_WARN_EMPTY_BODY = YES;
				CLANG_WARN_ENUM_CONVERSION = YES;
				CLANG_WARN_INFINITE_RECURSION = YES;
				CLANG_WARN_INT_CONVERSION = YES;
				CLANG_WARN_NON_LITERAL_NULL_CONVERSION = YES;
				CLANG_WARN_OBJC_IMPLICIT_RETAIN_SELF = YES;
				CLANG_WARN_OBJC_LITERAL_CONVERSION = YES;
				CLANG_WARN_OBJC_ROOT_CLASS = YES_ERROR;
				CLANG_WARN_QUOTED_INCLUDE_IN_FRAMEWORK_HEADER = YES;
				CLANG_WARN_RANGE_LOOP_ANALYSIS = YES;
				CLANG_WARN_STRICT_PROTOTYPES = YES;
				CLANG_WARN_SUSPICIOUS_MOVE = YES;
				CLANG_WARN_UNGUARDED_AVAILABILITY = YES_AGGRESSIVE;
				CLANG_WARN_UNREACHABLE_CODE = YES;
				CLANG_WARN__DUPLICATE_METHOD_MATCH = YES;
				COPY_PHASE_STRIP = NO;
				DEBUG_INFORMATION_FORMAT = dwarf;
				ENABLE_STRICT_OBJC_MSGSEND = YES;
				ENABLE_TESTABILITY = YES;
				GCC_C_LANGUAGE_STANDARD = gnu11;
				GCC_DYNAMIC_NO_PIC = NO;
				GCC_NO_COMMON_BLOCKS = YES;
				GCC_OPTIMIZATION_LEVEL = 0;
				GCC_PREPROCESSOR_DEFINITIONS = (
					"DEBUG=1",
					"$(inherited)",
				);
				GCC_WARN_64_TO_32_BIT_CONVERSION = YES;
				GCC_WARN_ABOUT_RETURN_TYPE = YES_ERROR;
				GCC_WARN_UNDECLARED_SELECTOR = YES;
				GCC_WARN_UNINITIALIZED_AUTOS = YES_AGGRESSIVE;
				GCC_WARN_UNUSED_FUNCTION = YES;
				GCC_WARN_UNUSED_VARIABLE = YES;
				IPHONEOS_DEPLOYMENT_TARGET = 15.5;
				MTL_ENABLE_DEBUG_INFO = INCLUDE_SOURCE;
				MTL_FAST_MATH = YES;
				ONLY_ACTIVE_ARCH = YES;
				SDKROOT = iphoneos;
				SWIFT_ACTIVE_COMPILATION_CONDITIONS = DEBUG;
				SWIFT_OPTIMIZATION_LEVEL = "-Onone";
			};
			name = Debug;
		};
		ED0A4849285873DC004661BB /* Release */ = {
			isa = XCBuildConfiguration;
			buildSettings = {
				ALWAYS_SEARCH_USER_PATHS = NO;
				CLANG_ANALYZER_NONNULL = YES;
				CLANG_ANALYZER_NUMBER_OBJECT_CONVERSION = YES_AGGRESSIVE;
				CLANG_CXX_LANGUAGE_STANDARD = "gnu++17";
				CLANG_ENABLE_MODULES = YES;
				CLANG_ENABLE_OBJC_ARC = YES;
				CLANG_ENABLE_OBJC_WEAK = YES;
				CLANG_WARN_BLOCK_CAPTURE_AUTORELEASING = YES;
				CLANG_WARN_BOOL_CONVERSION = YES;
				CLANG_WARN_COMMA = YES;
				CLANG_WARN_CONSTANT_CONVERSION = YES;
				CLANG_WARN_DEPRECATED_OBJC_IMPLEMENTATIONS = YES;
				CLANG_WARN_DIRECT_OBJC_ISA_USAGE = YES_ERROR;
				CLANG_WARN_DOCUMENTATION_COMMENTS = YES;
				CLANG_WARN_EMPTY_BODY = YES;
				CLANG_WARN_ENUM_CONVERSION = YES;
				CLANG_WARN_INFINITE_RECURSION = YES;
				CLANG_WARN_INT_CONVERSION = YES;
				CLANG_WARN_NON_LITERAL_NULL_CONVERSION = YES;
				CLANG_WARN_OBJC_IMPLICIT_RETAIN_SELF = YES;
				CLANG_WARN_OBJC_LITERAL_CONVERSION = YES;
				CLANG_WARN_OBJC_ROOT_CLASS = YES_ERROR;
				CLANG_WARN_QUOTED_INCLUDE_IN_FRAMEWORK_HEADER = YES;
				CLANG_WARN_RANGE_LOOP_ANALYSIS = YES;
				CLANG_WARN_STRICT_PROTOTYPES = YES;
				CLANG_WARN_SUSPICIOUS_MOVE = YES;
				CLANG_WARN_UNGUARDED_AVAILABILITY = YES_AGGRESSIVE;
				CLANG_WARN_UNREACHABLE_CODE = YES;
				CLANG_WARN__DUPLICATE_METHOD_MATCH = YES;
				COPY_PHASE_STRIP = NO;
				DEBUG_INFORMATION_FORMAT = "dwarf-with-dsym";
				ENABLE_NS_ASSERTIONS = NO;
				ENABLE_STRICT_OBJC_MSGSEND = YES;
				GCC_C_LANGUAGE_STANDARD = gnu11;
				GCC_NO_COMMON_BLOCKS = YES;
				GCC_WARN_64_TO_32_BIT_CONVERSION = YES;
				GCC_WARN_ABOUT_RETURN_TYPE = YES_ERROR;
				GCC_WARN_UNDECLARED_SELECTOR = YES;
				GCC_WARN_UNINITIALIZED_AUTOS = YES_AGGRESSIVE;
				GCC_WARN_UNUSED_FUNCTION = YES;
				GCC_WARN_UNUSED_VARIABLE = YES;
				IPHONEOS_DEPLOYMENT_TARGET = 15.5;
				MTL_ENABLE_DEBUG_INFO = NO;
				MTL_FAST_MATH = YES;
				SDKROOT = iphoneos;
				SWIFT_COMPILATION_MODE = wholemodule;
				SWIFT_OPTIMIZATION_LEVEL = "-O";
				VALIDATE_PRODUCT = YES;
			};
			name = Release;
		};
		ED0A484B285873DC004661BB /* Debug */ = {
			isa = XCBuildConfiguration;
			baseConfigurationReference = 9C3783DCAEAE263DE0579338 /* Pods-Nocturnal.debug.xcconfig */;
			buildSettings = {
				ASSETCATALOG_COMPILER_APPICON_NAME = AppIcon;
				ASSETCATALOG_COMPILER_GLOBAL_ACCENT_COLOR_NAME = AccentColor;
				CODE_SIGN_STYLE = Automatic;
				CURRENT_PROJECT_VERSION = 1;
				DEVELOPMENT_TEAM = 8572WS27HD;
				GENERATE_INFOPLIST_FILE = YES;
				INFOPLIST_FILE = Nocturnal/Info.plist;
				INFOPLIST_KEY_NSLocationWhenInUseUsageDescription = "Please allow this app to access your location ";
				INFOPLIST_KEY_NSPhotoLibraryUsageDescription = "Please allow this app to access your photos ";
				INFOPLIST_KEY_UIApplicationSupportsIndirectInputEvents = YES;
				INFOPLIST_KEY_UILaunchStoryboardName = LaunchScreen;
				INFOPLIST_KEY_UIMainStoryboardFile = Main;
				INFOPLIST_KEY_UISupportedInterfaceOrientations_iPad = "UIInterfaceOrientationPortrait UIInterfaceOrientationPortraitUpsideDown UIInterfaceOrientationLandscapeLeft UIInterfaceOrientationLandscapeRight";
				INFOPLIST_KEY_UISupportedInterfaceOrientations_iPhone = "UIInterfaceOrientationPortrait UIInterfaceOrientationLandscapeLeft UIInterfaceOrientationLandscapeRight";
				LD_RUNPATH_SEARCH_PATHS = (
					"$(inherited)",
					"@executable_path/Frameworks",
				);
				MARKETING_VERSION = 0.1.0;
				PRODUCT_BUNDLE_IDENTIFIER = com.raychenn.Nocturnal;
				PRODUCT_NAME = "$(TARGET_NAME)";
				SWIFT_EMIT_LOC_STRINGS = YES;
				SWIFT_VERSION = 5.0;
				TARGETED_DEVICE_FAMILY = "1,2";
			};
			name = Debug;
		};
		ED0A484C285873DC004661BB /* Release */ = {
			isa = XCBuildConfiguration;
			baseConfigurationReference = 190BE80E14DE62D509FD1218 /* Pods-Nocturnal.release.xcconfig */;
			buildSettings = {
				ASSETCATALOG_COMPILER_APPICON_NAME = AppIcon;
				ASSETCATALOG_COMPILER_GLOBAL_ACCENT_COLOR_NAME = AccentColor;
				CODE_SIGN_STYLE = Automatic;
				CURRENT_PROJECT_VERSION = 1;
				DEVELOPMENT_TEAM = 8572WS27HD;
				GENERATE_INFOPLIST_FILE = YES;
				INFOPLIST_FILE = Nocturnal/Info.plist;
				INFOPLIST_KEY_NSLocationWhenInUseUsageDescription = "Please allow this app to access your location ";
				INFOPLIST_KEY_NSPhotoLibraryUsageDescription = "Please allow this app to access your photos ";
				INFOPLIST_KEY_UIApplicationSupportsIndirectInputEvents = YES;
				INFOPLIST_KEY_UILaunchStoryboardName = LaunchScreen;
				INFOPLIST_KEY_UIMainStoryboardFile = Main;
				INFOPLIST_KEY_UISupportedInterfaceOrientations_iPad = "UIInterfaceOrientationPortrait UIInterfaceOrientationPortraitUpsideDown UIInterfaceOrientationLandscapeLeft UIInterfaceOrientationLandscapeRight";
				INFOPLIST_KEY_UISupportedInterfaceOrientations_iPhone = "UIInterfaceOrientationPortrait UIInterfaceOrientationLandscapeLeft UIInterfaceOrientationLandscapeRight";
				LD_RUNPATH_SEARCH_PATHS = (
					"$(inherited)",
					"@executable_path/Frameworks",
				);
				MARKETING_VERSION = 0.1.0;
				PRODUCT_BUNDLE_IDENTIFIER = com.raychenn.Nocturnal;
				PRODUCT_NAME = "$(TARGET_NAME)";
				SWIFT_EMIT_LOC_STRINGS = YES;
				SWIFT_VERSION = 5.0;
				TARGETED_DEVICE_FAMILY = "1,2";
			};
			name = Release;
		};
/* End XCBuildConfiguration section */

/* Begin XCConfigurationList section */
		ED0A4831285873DB004661BB /* Build configuration list for PBXProject "Nocturnal" */ = {
			isa = XCConfigurationList;
			buildConfigurations = (
				ED0A4848285873DC004661BB /* Debug */,
				ED0A4849285873DC004661BB /* Release */,
			);
			defaultConfigurationIsVisible = 0;
			defaultConfigurationName = Release;
		};
		ED0A484A285873DC004661BB /* Build configuration list for PBXNativeTarget "Nocturnal" */ = {
			isa = XCConfigurationList;
			buildConfigurations = (
				ED0A484B285873DC004661BB /* Debug */,
				ED0A484C285873DC004661BB /* Release */,
			);
			defaultConfigurationIsVisible = 0;
			defaultConfigurationName = Release;
		};
/* End XCConfigurationList section */
	};
	rootObject = ED0A482E285873DB004661BB /* Project object */;
}
