// !$*UTF8*$!
{
	archiveVersion = 1;
	classes = {
	};
	objectVersion = 55;
	objects = {

/* Begin PBXBuildFile section */
		0F13DB5D971F3580EE80EE4F /* Pods_Nocturnal.framework in Frameworks */ = {isa = PBXBuildFile; fileRef = A0CA1A58678060B509C34477 /* Pods_Nocturnal.framework */; };
		ED0A483A285873DB004661BB /* AppDelegate.swift in Sources */ = {isa = PBXBuildFile; fileRef = ED0A4839285873DB004661BB /* AppDelegate.swift */; };
		ED0A483C285873DB004661BB /* SceneDelegate.swift in Sources */ = {isa = PBXBuildFile; fileRef = ED0A483B285873DB004661BB /* SceneDelegate.swift */; };
		ED0A483E285873DB004661BB /* ViewController.swift in Sources */ = {isa = PBXBuildFile; fileRef = ED0A483D285873DB004661BB /* ViewController.swift */; };
		ED0A4841285873DB004661BB /* Main.storyboard in Resources */ = {isa = PBXBuildFile; fileRef = ED0A483F285873DB004661BB /* Main.storyboard */; };
		ED0A4843285873DC004661BB /* Assets.xcassets in Resources */ = {isa = PBXBuildFile; fileRef = ED0A4842285873DC004661BB /* Assets.xcassets */; };
		ED0A4846285873DC004661BB /* LaunchScreen.storyboard in Resources */ = {isa = PBXBuildFile; fileRef = ED0A4844285873DC004661BB /* LaunchScreen.storyboard */; };
		ED0A485328587884004661BB /* MainTabBarController.swift in Sources */ = {isa = PBXBuildFile; fileRef = ED0A485228587884004661BB /* MainTabBarController.swift */; };
		ED0A485528587A27004661BB /* HomeController.swift in Sources */ = {isa = PBXBuildFile; fileRef = ED0A485428587A27004661BB /* HomeController.swift */; };
		ED0A485728587A7C004661BB /* ExploreController.swift in Sources */ = {isa = PBXBuildFile; fileRef = ED0A485628587A7C004661BB /* ExploreController.swift */; };
		ED0A485928587BDE004661BB /* StatsController.swift in Sources */ = {isa = PBXBuildFile; fileRef = ED0A485828587BDE004661BB /* StatsController.swift */; };
		ED0A485B28587C0C004661BB /* NotificationController.swift in Sources */ = {isa = PBXBuildFile; fileRef = ED0A485A28587C0C004661BB /* NotificationController.swift */; };
		ED0A485D28587C28004661BB /* ProfileController.swift in Sources */ = {isa = PBXBuildFile; fileRef = ED0A485C28587C28004661BB /* ProfileController.swift */; };
/* End PBXBuildFile section */

/* Begin PBXFileReference section */
		190BE80E14DE62D509FD1218 /* Pods-Nocturnal.release.xcconfig */ = {isa = PBXFileReference; includeInIndex = 1; lastKnownFileType = text.xcconfig; name = "Pods-Nocturnal.release.xcconfig"; path = "Target Support Files/Pods-Nocturnal/Pods-Nocturnal.release.xcconfig"; sourceTree = "<group>"; };
		9C3783DCAEAE263DE0579338 /* Pods-Nocturnal.debug.xcconfig */ = {isa = PBXFileReference; includeInIndex = 1; lastKnownFileType = text.xcconfig; name = "Pods-Nocturnal.debug.xcconfig"; path = "Target Support Files/Pods-Nocturnal/Pods-Nocturnal.debug.xcconfig"; sourceTree = "<group>"; };
		A0CA1A58678060B509C34477 /* Pods_Nocturnal.framework */ = {isa = PBXFileReference; explicitFileType = wrapper.framework; includeInIndex = 0; path = Pods_Nocturnal.framework; sourceTree = BUILT_PRODUCTS_DIR; };
		ED0A4836285873DB004661BB /* Nocturnal.app */ = {isa = PBXFileReference; explicitFileType = wrapper.application; includeInIndex = 0; path = Nocturnal.app; sourceTree = BUILT_PRODUCTS_DIR; };
		ED0A4839285873DB004661BB /* AppDelegate.swift */ = {isa = PBXFileReference; lastKnownFileType = sourcecode.swift; path = AppDelegate.swift; sourceTree = "<group>"; };
		ED0A483B285873DB004661BB /* SceneDelegate.swift */ = {isa = PBXFileReference; lastKnownFileType = sourcecode.swift; path = SceneDelegate.swift; sourceTree = "<group>"; };
		ED0A483D285873DB004661BB /* ViewController.swift */ = {isa = PBXFileReference; lastKnownFileType = sourcecode.swift; path = ViewController.swift; sourceTree = "<group>"; };
		ED0A4840285873DB004661BB /* Base */ = {isa = PBXFileReference; lastKnownFileType = file.storyboard; name = Base; path = Base.lproj/Main.storyboard; sourceTree = "<group>"; };
		ED0A4842285873DC004661BB /* Assets.xcassets */ = {isa = PBXFileReference; lastKnownFileType = folder.assetcatalog; path = Assets.xcassets; sourceTree = "<group>"; };
		ED0A4845285873DC004661BB /* Base */ = {isa = PBXFileReference; lastKnownFileType = file.storyboard; name = Base; path = Base.lproj/LaunchScreen.storyboard; sourceTree = "<group>"; };
		ED0A4847285873DC004661BB /* Info.plist */ = {isa = PBXFileReference; lastKnownFileType = text.plist.xml; path = Info.plist; sourceTree = "<group>"; };
		ED0A485228587884004661BB /* MainTabBarController.swift */ = {isa = PBXFileReference; lastKnownFileType = sourcecode.swift; path = MainTabBarController.swift; sourceTree = "<group>"; };
		ED0A485428587A27004661BB /* HomeController.swift */ = {isa = PBXFileReference; lastKnownFileType = sourcecode.swift; path = HomeController.swift; sourceTree = "<group>"; };
		ED0A485628587A7C004661BB /* ExploreController.swift */ = {isa = PBXFileReference; lastKnownFileType = sourcecode.swift; path = ExploreController.swift; sourceTree = "<group>"; };
		ED0A485828587BDE004661BB /* StatsController.swift */ = {isa = PBXFileReference; lastKnownFileType = sourcecode.swift; path = StatsController.swift; sourceTree = "<group>"; };
		ED0A485A28587C0C004661BB /* NotificationController.swift */ = {isa = PBXFileReference; lastKnownFileType = sourcecode.swift; path = NotificationController.swift; sourceTree = "<group>"; };
		ED0A485C28587C28004661BB /* ProfileController.swift */ = {isa = PBXFileReference; lastKnownFileType = sourcecode.swift; path = ProfileController.swift; sourceTree = "<group>"; };
/* End PBXFileReference section */

/* Begin PBXFrameworksBuildPhase section */
		ED0A4833285873DB004661BB /* Frameworks */ = {
			isa = PBXFrameworksBuildPhase;
			buildActionMask = 2147483647;
			files = (
				0F13DB5D971F3580EE80EE4F /* Pods_Nocturnal.framework in Frameworks */,
			);
			runOnlyForDeploymentPostprocessing = 0;
		};
/* End PBXFrameworksBuildPhase section */

/* Begin PBXGroup section */
		3E54F461AF3D83E64FD074B9 /* Pods */ = {
			isa = PBXGroup;
			children = (
				9C3783DCAEAE263DE0579338 /* Pods-Nocturnal.debug.xcconfig */,
				190BE80E14DE62D509FD1218 /* Pods-Nocturnal.release.xcconfig */,
			);
			path = Pods;
			sourceTree = "<group>";
		};
		ED0A482D285873DB004661BB = {
			isa = PBXGroup;
			children = (
				ED0A4838285873DB004661BB /* Nocturnal */,
				ED0A4837285873DB004661BB /* Products */,
				3E54F461AF3D83E64FD074B9 /* Pods */,
				EF88E31788BB34D2544719C7 /* Frameworks */,
			);
			sourceTree = "<group>";
		};
		ED0A4837285873DB004661BB /* Products */ = {
			isa = PBXGroup;
			children = (
				ED0A4836285873DB004661BB /* Nocturnal.app */,
			);
			name = Products;
			sourceTree = "<group>";
		};
		ED0A4838285873DB004661BB /* Nocturnal */ = {
			isa = PBXGroup;
			children = (
				ED0A4851285877F7004661BB /* Resources */,
				ED0A4850285877D0004661BB /* Extensions */,
				ED0A484F285877C6004661BB /* Views */,
				ED0A484E285877BE004661BB /* Models */,
				ED0A484D285877B5004661BB /* Controllers */,
				ED0A4839285873DB004661BB /* AppDelegate.swift */,
				ED0A483B285873DB004661BB /* SceneDelegate.swift */,
				ED0A483D285873DB004661BB /* ViewController.swift */,
				ED0A483F285873DB004661BB /* Main.storyboard */,
				ED0A4842285873DC004661BB /* Assets.xcassets */,
				ED0A4844285873DC004661BB /* LaunchScreen.storyboard */,
				ED0A4847285873DC004661BB /* Info.plist */,
			);
			path = Nocturnal;
			sourceTree = "<group>";
		};
		ED0A484D285877B5004661BB /* Controllers */ = {
			isa = PBXGroup;
			children = (
				ED0A485228587884004661BB /* MainTabBarController.swift */,
				ED0A486228587C87004661BB /* Profile */,
				ED0A486128587C7B004661BB /* Notification */,
				ED0A486028587C6D004661BB /* Stats */,
				ED0A485F28587C61004661BB /* Explore */,
				ED0A485E28587C50004661BB /* Home */,
			);
			path = Controllers;
			sourceTree = "<group>";
		};
		ED0A484E285877BE004661BB /* Models */ = {
			isa = PBXGroup;
			children = (
			);
			path = Models;
			sourceTree = "<group>";
		};
		ED0A484F285877C6004661BB /* Views */ = {
			isa = PBXGroup;
			children = (
			);
			path = Views;
			sourceTree = "<group>";
		};
		ED0A4850285877D0004661BB /* Extensions */ = {
			isa = PBXGroup;
			children = (
			);
			path = Extensions;
			sourceTree = "<group>";
		};
		ED0A4851285877F7004661BB /* Resources */ = {
			isa = PBXGroup;
			children = (
			);
			path = Resources;
			sourceTree = "<group>";
		};
		ED0A485E28587C50004661BB /* Home */ = {
			isa = PBXGroup;
			children = (
				ED0A485428587A27004661BB /* HomeController.swift */,
			);
			path = Home;
			sourceTree = "<group>";
		};
		ED0A485F28587C61004661BB /* Explore */ = {
			isa = PBXGroup;
			children = (
				ED0A485628587A7C004661BB /* ExploreController.swift */,
			);
			path = Explore;
			sourceTree = "<group>";
		};
		ED0A486028587C6D004661BB /* Stats */ = {
			isa = PBXGroup;
			children = (
				ED0A485828587BDE004661BB /* StatsController.swift */,
			);
			path = Stats;
			sourceTree = "<group>";
		};
		ED0A486128587C7B004661BB /* Notification */ = {
			isa = PBXGroup;
			children = (
				ED0A485A28587C0C004661BB /* NotificationController.swift */,
			);
			path = Notification;
			sourceTree = "<group>";
		};
		ED0A486228587C87004661BB /* Profile */ = {
			isa = PBXGroup;
			children = (
				ED0A485C28587C28004661BB /* ProfileController.swift */,
			);
			path = Profile;
			sourceTree = "<group>";
		};
		EF88E31788BB34D2544719C7 /* Frameworks */ = {
			isa = PBXGroup;
			children = (
				A0CA1A58678060B509C34477 /* Pods_Nocturnal.framework */,
			);
			name = Frameworks;
			sourceTree = "<group>";
		};
/* End PBXGroup section */

/* Begin PBXNativeTarget section */
		ED0A4835285873DB004661BB /* Nocturnal */ = {
			isa = PBXNativeTarget;
			buildConfigurationList = ED0A484A285873DC004661BB /* Build configuration list for PBXNativeTarget "Nocturnal" */;
			buildPhases = (
				2333BD50DFBFA05CDBD1F685 /* [CP] Check Pods Manifest.lock */,
				ED0A4832285873DB004661BB /* Sources */,
				ED0A4833285873DB004661BB /* Frameworks */,
				ED0A4834285873DB004661BB /* Resources */,
				8F5A7DA60C5A182A994E137A /* [CP] Embed Pods Frameworks */,
			);
			buildRules = (
			);
			dependencies = (
			);
			name = Nocturnal;
			productName = Nocturnal;
			productReference = ED0A4836285873DB004661BB /* Nocturnal.app */;
			productType = "com.apple.product-type.application";
		};
/* End PBXNativeTarget section */

/* Begin PBXProject section */
		ED0A482E285873DB004661BB /* Project object */ = {
			isa = PBXProject;
			attributes = {
				BuildIndependentTargetsInParallel = 1;
				LastSwiftUpdateCheck = 1340;
				LastUpgradeCheck = 1340;
				TargetAttributes = {
					ED0A4835285873DB004661BB = {
						CreatedOnToolsVersion = 13.4;
					};
				};
			};
			buildConfigurationList = ED0A4831285873DB004661BB /* Build configuration list for PBXProject "Nocturnal" */;
			compatibilityVersion = "Xcode 13.0";
			developmentRegion = en;
			hasScannedForEncodings = 0;
			knownRegions = (
				en,
				Base,
			);
			mainGroup = ED0A482D285873DB004661BB;
			productRefGroup = ED0A4837285873DB004661BB /* Products */;
			projectDirPath = "";
			projectRoot = "";
			targets = (
				ED0A4835285873DB004661BB /* Nocturnal */,
			);
		};
/* End PBXProject section */

/* Begin PBXResourcesBuildPhase section */
		ED0A4834285873DB004661BB /* Resources */ = {
			isa = PBXResourcesBuildPhase;
			buildActionMask = 2147483647;
			files = (
				ED0A4846285873DC004661BB /* LaunchScreen.storyboard in Resources */,
				ED0A4843285873DC004661BB /* Assets.xcassets in Resources */,
				ED0A4841285873DB004661BB /* Main.storyboard in Resources */,
			);
			runOnlyForDeploymentPostprocessing = 0;
		};
/* End PBXResourcesBuildPhase section */

/* Begin PBXShellScriptBuildPhase section */
		2333BD50DFBFA05CDBD1F685 /* [CP] Check Pods Manifest.lock */ = {
			isa = PBXShellScriptBuildPhase;
			buildActionMask = 2147483647;
			files = (
			);
			inputFileListPaths = (
			);
			inputPaths = (
				"${PODS_PODFILE_DIR_PATH}/Podfile.lock",
				"${PODS_ROOT}/Manifest.lock",
			);
			name = "[CP] Check Pods Manifest.lock";
			outputFileListPaths = (
			);
			outputPaths = (
				"$(DERIVED_FILE_DIR)/Pods-Nocturnal-checkManifestLockResult.txt",
			);
			runOnlyForDeploymentPostprocessing = 0;
			shellPath = /bin/sh;
			shellScript = "diff \"${PODS_PODFILE_DIR_PATH}/Podfile.lock\" \"${PODS_ROOT}/Manifest.lock\" > /dev/null\nif [ $? != 0 ] ; then\n    # print error to STDERR\n    echo \"error: The sandbox is not in sync with the Podfile.lock. Run 'pod install' or update your CocoaPods installation.\" >&2\n    exit 1\nfi\n# This output is used by Xcode 'outputs' to avoid re-running this script phase.\necho \"SUCCESS\" > \"${SCRIPT_OUTPUT_FILE_0}\"\n";
			showEnvVarsInLog = 0;
		};
		8F5A7DA60C5A182A994E137A /* [CP] Embed Pods Frameworks */ = {
			isa = PBXShellScriptBuildPhase;
			buildActionMask = 2147483647;
			files = (
			);
			inputFileListPaths = (
				"${PODS_ROOT}/Target Support Files/Pods-Nocturnal/Pods-Nocturnal-frameworks-${CONFIGURATION}-input-files.xcfilelist",
			);
			name = "[CP] Embed Pods Frameworks";
			outputFileListPaths = (
				"${PODS_ROOT}/Target Support Files/Pods-Nocturnal/Pods-Nocturnal-frameworks-${CONFIGURATION}-output-files.xcfilelist",
			);
			runOnlyForDeploymentPostprocessing = 0;
			shellPath = /bin/sh;
			shellScript = "\"${PODS_ROOT}/Target Support Files/Pods-Nocturnal/Pods-Nocturnal-frameworks.sh\"\n";
			showEnvVarsInLog = 0;
		};
/* End PBXShellScriptBuildPhase section */

/* Begin PBXSourcesBuildPhase section */
		ED0A4832285873DB004661BB /* Sources */ = {
			isa = PBXSourcesBuildPhase;
			buildActionMask = 2147483647;
			files = (
				ED0A485328587884004661BB /* MainTabBarController.swift in Sources */,
				ED0A483E285873DB004661BB /* ViewController.swift in Sources */,
				ED0A485B28587C0C004661BB /* NotificationController.swift in Sources */,
				ED0A483A285873DB004661BB /* AppDelegate.swift in Sources */,
				ED0A483C285873DB004661BB /* SceneDelegate.swift in Sources */,
				ED0A485D28587C28004661BB /* ProfileController.swift in Sources */,
				ED0A485928587BDE004661BB /* StatsController.swift in Sources */,
				ED0A485528587A27004661BB /* HomeController.swift in Sources */,
				ED0A485728587A7C004661BB /* ExploreController.swift in Sources */,
			);
			runOnlyForDeploymentPostprocessing = 0;
		};
/* End PBXSourcesBuildPhase section */

/* Begin PBXVariantGroup section */
		ED0A483F285873DB004661BB /* Main.storyboard */ = {
			isa = PBXVariantGroup;
			children = (
				ED0A4840285873DB004661BB /* Base */,
			);
			name = Main.storyboard;
			sourceTree = "<group>";
		};
		ED0A4844285873DC004661BB /* LaunchScreen.storyboard */ = {
			isa = PBXVariantGroup;
			children = (
				ED0A4845285873DC004661BB /* Base */,
			);
			name = LaunchScreen.storyboard;
			sourceTree = "<group>";
		};
/* End PBXVariantGroup section */

/* Begin XCBuildConfiguration section */
		ED0A4848285873DC004661BB /* Debug */ = {
			isa = XCBuildConfiguration;
			buildSettings = {
				ALWAYS_SEARCH_USER_PATHS = NO;
				CLANG_ANALYZER_NONNULL = YES;
				CLANG_ANALYZER_NUMBER_OBJECT_CONVERSION = YES_AGGRESSIVE;
				CLANG_CXX_LANGUAGE_STANDARD = "gnu++17";
				CLANG_ENABLE_MODULES = YES;
				CLANG_ENABLE_OBJC_ARC = YES;
				CLANG_ENABLE_OBJC_WEAK = YES;
				CLANG_WARN_BLOCK_CAPTURE_AUTORELEASING = YES;
				CLANG_WARN_BOOL_CONVERSION = YES;
				CLANG_WARN_COMMA = YES;
				CLANG_WARN_CONSTANT_CONVERSION = YES;
				CLANG_WARN_DEPRECATED_OBJC_IMPLEMENTATIONS = YES;
				CLANG_WARN_DIRECT_OBJC_ISA_USAGE = YES_ERROR;
				CLANG_WARN_DOCUMENTATION_COMMENTS = YES;
				CLANG_WARN_EMPTY_BODY = YES;
				CLANG_WARN_ENUM_CONVERSION = YES;
				CLANG_WARN_INFINITE_RECURSION = YES;
				CLANG_WARN_INT_CONVERSION = YES;
				CLANG_WARN_NON_LITERAL_NULL_CONVERSION = YES;
				CLANG_WARN_OBJC_IMPLICIT_RETAIN_SELF = YES;
				CLANG_WARN_OBJC_LITERAL_CONVERSION = YES;
				CLANG_WARN_OBJC_ROOT_CLASS = YES_ERROR;
				CLANG_WARN_QUOTED_INCLUDE_IN_FRAMEWORK_HEADER = YES;
				CLANG_WARN_RANGE_LOOP_ANALYSIS = YES;
				CLANG_WARN_STRICT_PROTOTYPES = YES;
				CLANG_WARN_SUSPICIOUS_MOVE = YES;
				CLANG_WARN_UNGUARDED_AVAILABILITY = YES_AGGRESSIVE;
				CLANG_WARN_UNREACHABLE_CODE = YES;
				CLANG_WARN__DUPLICATE_METHOD_MATCH = YES;
				COPY_PHASE_STRIP = NO;
				DEBUG_INFORMATION_FORMAT = dwarf;
				ENABLE_STRICT_OBJC_MSGSEND = YES;
				ENABLE_TESTABILITY = YES;
				GCC_C_LANGUAGE_STANDARD = gnu11;
				GCC_DYNAMIC_NO_PIC = NO;
				GCC_NO_COMMON_BLOCKS = YES;
				GCC_OPTIMIZATION_LEVEL = 0;
				GCC_PREPROCESSOR_DEFINITIONS = (
					"DEBUG=1",
					"$(inherited)",
				);
				GCC_WARN_64_TO_32_BIT_CONVERSION = YES;
				GCC_WARN_ABOUT_RETURN_TYPE = YES_ERROR;
				GCC_WARN_UNDECLARED_SELECTOR = YES;
				GCC_WARN_UNINITIALIZED_AUTOS = YES_AGGRESSIVE;
				GCC_WARN_UNUSED_FUNCTION = YES;
				GCC_WARN_UNUSED_VARIABLE = YES;
				IPHONEOS_DEPLOYMENT_TARGET = 15.5;
				MTL_ENABLE_DEBUG_INFO = INCLUDE_SOURCE;
				MTL_FAST_MATH = YES;
				ONLY_ACTIVE_ARCH = YES;
				SDKROOT = iphoneos;
				SWIFT_ACTIVE_COMPILATION_CONDITIONS = DEBUG;
				SWIFT_OPTIMIZATION_LEVEL = "-Onone";
			};
			name = Debug;
		};
		ED0A4849285873DC004661BB /* Release */ = {
			isa = XCBuildConfiguration;
			buildSettings = {
				ALWAYS_SEARCH_USER_PATHS = NO;
				CLANG_ANALYZER_NONNULL = YES;
				CLANG_ANALYZER_NUMBER_OBJECT_CONVERSION = YES_AGGRESSIVE;
				CLANG_CXX_LANGUAGE_STANDARD = "gnu++17";
				CLANG_ENABLE_MODULES = YES;
				CLANG_ENABLE_OBJC_ARC = YES;
				CLANG_ENABLE_OBJC_WEAK = YES;
				CLANG_WARN_BLOCK_CAPTURE_AUTORELEASING = YES;
				CLANG_WARN_BOOL_CONVERSION = YES;
				CLANG_WARN_COMMA = YES;
				CLANG_WARN_CONSTANT_CONVERSION = YES;
				CLANG_WARN_DEPRECATED_OBJC_IMPLEMENTATIONS = YES;
				CLANG_WARN_DIRECT_OBJC_ISA_USAGE = YES_ERROR;
				CLANG_WARN_DOCUMENTATION_COMMENTS = YES;
				CLANG_WARN_EMPTY_BODY = YES;
				CLANG_WARN_ENUM_CONVERSION = YES;
				CLANG_WARN_INFINITE_RECURSION = YES;
				CLANG_WARN_INT_CONVERSION = YES;
				CLANG_WARN_NON_LITERAL_NULL_CONVERSION = YES;
				CLANG_WARN_OBJC_IMPLICIT_RETAIN_SELF = YES;
				CLANG_WARN_OBJC_LITERAL_CONVERSION = YES;
				CLANG_WARN_OBJC_ROOT_CLASS = YES_ERROR;
				CLANG_WARN_QUOTED_INCLUDE_IN_FRAMEWORK_HEADER = YES;
				CLANG_WARN_RANGE_LOOP_ANALYSIS = YES;
				CLANG_WARN_STRICT_PROTOTYPES = YES;
				CLANG_WARN_SUSPICIOUS_MOVE = YES;
				CLANG_WARN_UNGUARDED_AVAILABILITY = YES_AGGRESSIVE;
				CLANG_WARN_UNREACHABLE_CODE = YES;
				CLANG_WARN__DUPLICATE_METHOD_MATCH = YES;
				COPY_PHASE_STRIP = NO;
				DEBUG_INFORMATION_FORMAT = "dwarf-with-dsym";
				ENABLE_NS_ASSERTIONS = NO;
				ENABLE_STRICT_OBJC_MSGSEND = YES;
				GCC_C_LANGUAGE_STANDARD = gnu11;
				GCC_NO_COMMON_BLOCKS = YES;
				GCC_WARN_64_TO_32_BIT_CONVERSION = YES;
				GCC_WARN_ABOUT_RETURN_TYPE = YES_ERROR;
				GCC_WARN_UNDECLARED_SELECTOR = YES;
				GCC_WARN_UNINITIALIZED_AUTOS = YES_AGGRESSIVE;
				GCC_WARN_UNUSED_FUNCTION = YES;
				GCC_WARN_UNUSED_VARIABLE = YES;
				IPHONEOS_DEPLOYMENT_TARGET = 15.5;
				MTL_ENABLE_DEBUG_INFO = NO;
				MTL_FAST_MATH = YES;
				SDKROOT = iphoneos;
				SWIFT_COMPILATION_MODE = wholemodule;
				SWIFT_OPTIMIZATION_LEVEL = "-O";
				VALIDATE_PRODUCT = YES;
			};
			name = Release;
		};
		ED0A484B285873DC004661BB /* Debug */ = {
			isa = XCBuildConfiguration;
			baseConfigurationReference = 9C3783DCAEAE263DE0579338 /* Pods-Nocturnal.debug.xcconfig */;
			buildSettings = {
				ASSETCATALOG_COMPILER_APPICON_NAME = AppIcon;
				ASSETCATALOG_COMPILER_GLOBAL_ACCENT_COLOR_NAME = AccentColor;
				CODE_SIGN_STYLE = Automatic;
				CURRENT_PROJECT_VERSION = 1;
				DEVELOPMENT_TEAM = 8572WS27HD;
				GENERATE_INFOPLIST_FILE = YES;
				INFOPLIST_FILE = Nocturnal/Info.plist;
				INFOPLIST_KEY_UIApplicationSupportsIndirectInputEvents = YES;
				INFOPLIST_KEY_UILaunchStoryboardName = LaunchScreen;
				INFOPLIST_KEY_UIMainStoryboardFile = Main;
				INFOPLIST_KEY_UISupportedInterfaceOrientations_iPad = "UIInterfaceOrientationPortrait UIInterfaceOrientationPortraitUpsideDown UIInterfaceOrientationLandscapeLeft UIInterfaceOrientationLandscapeRight";
				INFOPLIST_KEY_UISupportedInterfaceOrientations_iPhone = "UIInterfaceOrientationPortrait UIInterfaceOrientationLandscapeLeft UIInterfaceOrientationLandscapeRight";
				LD_RUNPATH_SEARCH_PATHS = (
					"$(inherited)",
					"@executable_path/Frameworks",
				);
				MARKETING_VERSION = 1.0;
				PRODUCT_BUNDLE_IDENTIFIER = com.raychen.Nocturnal;
				PRODUCT_NAME = "$(TARGET_NAME)";
				SWIFT_EMIT_LOC_STRINGS = YES;
				SWIFT_VERSION = 5.0;
				TARGETED_DEVICE_FAMILY = "1,2";
			};
			name = Debug;
		};
		ED0A484C285873DC004661BB /* Release */ = {
			isa = XCBuildConfiguration;
			baseConfigurationReference = 190BE80E14DE62D509FD1218 /* Pods-Nocturnal.release.xcconfig */;
			buildSettings = {
				ASSETCATALOG_COMPILER_APPICON_NAME = AppIcon;
				ASSETCATALOG_COMPILER_GLOBAL_ACCENT_COLOR_NAME = AccentColor;
				CODE_SIGN_STYLE = Automatic;
				CURRENT_PROJECT_VERSION = 1;
				DEVELOPMENT_TEAM = 8572WS27HD;
				GENERATE_INFOPLIST_FILE = YES;
				INFOPLIST_FILE = Nocturnal/Info.plist;
				INFOPLIST_KEY_UIApplicationSupportsIndirectInputEvents = YES;
				INFOPLIST_KEY_UILaunchStoryboardName = LaunchScreen;
				INFOPLIST_KEY_UIMainStoryboardFile = Main;
				INFOPLIST_KEY_UISupportedInterfaceOrientations_iPad = "UIInterfaceOrientationPortrait UIInterfaceOrientationPortraitUpsideDown UIInterfaceOrientationLandscapeLeft UIInterfaceOrientationLandscapeRight";
				INFOPLIST_KEY_UISupportedInterfaceOrientations_iPhone = "UIInterfaceOrientationPortrait UIInterfaceOrientationLandscapeLeft UIInterfaceOrientationLandscapeRight";
				LD_RUNPATH_SEARCH_PATHS = (
					"$(inherited)",
					"@executable_path/Frameworks",
				);
				MARKETING_VERSION = 1.0;
				PRODUCT_BUNDLE_IDENTIFIER = com.raychen.Nocturnal;
				PRODUCT_NAME = "$(TARGET_NAME)";
				SWIFT_EMIT_LOC_STRINGS = YES;
				SWIFT_VERSION = 5.0;
				TARGETED_DEVICE_FAMILY = "1,2";
			};
			name = Release;
		};
/* End XCBuildConfiguration section */

/* Begin XCConfigurationList section */
		ED0A4831285873DB004661BB /* Build configuration list for PBXProject "Nocturnal" */ = {
			isa = XCConfigurationList;
			buildConfigurations = (
				ED0A4848285873DC004661BB /* Debug */,
				ED0A4849285873DC004661BB /* Release */,
			);
			defaultConfigurationIsVisible = 0;
			defaultConfigurationName = Release;
		};
		ED0A484A285873DC004661BB /* Build configuration list for PBXNativeTarget "Nocturnal" */ = {
			isa = XCConfigurationList;
			buildConfigurations = (
				ED0A484B285873DC004661BB /* Debug */,
				ED0A484C285873DC004661BB /* Release */,
			);
			defaultConfigurationIsVisible = 0;
			defaultConfigurationName = Release;
		};
/* End XCConfigurationList section */
	};
	rootObject = ED0A482E285873DB004661BB /* Project object */;
}
